// !$*UTF8*$!
{
	archiveVersion = 1;
	classes = {
	};
	objectVersion = 46;
	objects = {

/* Begin PBXBuildFile section */
		1FB6C2275E3E47C3934B1469 /* libPods-OnCourse.a in Frameworks */ = {isa = PBXBuildFile; fileRef = 950E0993CFFE4A7899600FA1 /* libPods-OnCourse.a */; };
		844CAC2A1675ECD20057CEDA /* OCWatchingVideo.m in Sources */ = {isa = PBXBuildFile; fileRef = 844CAC291675ECD20057CEDA /* OCWatchingVideo.m */; };
		844CAC2E1675ED600057CEDA /* OCWatchingVideoViewController.m in Sources */ = {isa = PBXBuildFile; fileRef = 844CAC2D1675ED600057CEDA /* OCWatchingVideoViewController.m */; };
		845940F016946BE000A9E34E /* UIButton+Style.m in Sources */ = {isa = PBXBuildFile; fileRef = 845940EF16946BE000A9E34E /* UIButton+Style.m */; };
		845940F116946BE000A9E34E /* UIButton+Style.m in Sources */ = {isa = PBXBuildFile; fileRef = 845940EF16946BE000A9E34E /* UIButton+Style.m */; };
		849860301698264900CCF46F /* back_button.png in Resources */ = {isa = PBXBuildFile; fileRef = 8498602F1698264900CCF46F /* back_button.png */; };
		9715C2EA166FA23700C67F0C /* OCCourseListingCell.m in Sources */ = {isa = PBXBuildFile; fileRef = 9715C2E9166FA23700C67F0C /* OCCourseListingCell.m */; };
		9715C2EB166FA23700C67F0C /* OCCourseListingCell.m in Sources */ = {isa = PBXBuildFile; fileRef = 9715C2E9166FA23700C67F0C /* OCCourseListingCell.m */; };
		973B41A416A680A000056406 /* Lecture.m in Sources */ = {isa = PBXBuildFile; fileRef = 973B41A316A680A000056406 /* Lecture.m */; };
		973B41A516A680A000056406 /* Lecture.m in Sources */ = {isa = PBXBuildFile; fileRef = 973B41A316A680A000056406 /* Lecture.m */; };
		973B41E116A7DA4000056406 /* Course.m in Sources */ = {isa = PBXBuildFile; fileRef = 973B41E016A7DA4000056406 /* Course.m */; };
		973B41E216A7DA4000056406 /* Course.m in Sources */ = {isa = PBXBuildFile; fileRef = 973B41E016A7DA4000056406 /* Course.m */; };
		9752A6B8166D000B00B0A75A /* OCCourseListingView.m in Sources */ = {isa = PBXBuildFile; fileRef = 9752A6B7166D000B00B0A75A /* OCCourseListingView.m */; };
		9752A6B9166D000B00B0A75A /* OCCourseListingView.m in Sources */ = {isa = PBXBuildFile; fileRef = 9752A6B7166D000B00B0A75A /* OCCourseListingView.m */; };
		975CCFAC1668D990008B5CB3 /* OCLoginViewTests.m in Sources */ = {isa = PBXBuildFile; fileRef = 975CCFAA1668D990008B5CB3 /* OCLoginViewTests.m */; };
		975CCFAF1668DA56008B5CB3 /* OCLoginView.m in Sources */ = {isa = PBXBuildFile; fileRef = 975CCFAE1668DA56008B5CB3 /* OCLoginView.m */; };
		975CCFB01668DA56008B5CB3 /* OCLoginView.m in Sources */ = {isa = PBXBuildFile; fileRef = 975CCFAE1668DA56008B5CB3 /* OCLoginView.m */; };
		977B7C8C169F133000D107DA /* CoreData.framework in Frameworks */ = {isa = PBXBuildFile; fileRef = 977B7C8B169F133000D107DA /* CoreData.framework */; };
		977B7C90169F137900D107DA /* OnCourse.xcdatamodeld in Sources */ = {isa = PBXBuildFile; fileRef = 977B7C8E169F137900D107DA /* OnCourse.xcdatamodeld */; };
		977B7C91169F137900D107DA /* OnCourse.xcdatamodeld in Sources */ = {isa = PBXBuildFile; fileRef = 977B7C8E169F137900D107DA /* OnCourse.xcdatamodeld */; };
		977B7CAD169F23A900D107DA /* Course+CoreData.m in Sources */ = {isa = PBXBuildFile; fileRef = 977B7CAC169F23A900D107DA /* Course+CoreData.m */; };
		977B7CAE169F23A900D107DA /* Course+CoreData.m in Sources */ = {isa = PBXBuildFile; fileRef = 977B7CAC169F23A900D107DA /* Course+CoreData.m */; };
		977B7CC9169F264D00D107DA /* NSManagedObject+Adapter.m in Sources */ = {isa = PBXBuildFile; fileRef = 977B7CC8169F264C00D107DA /* NSManagedObject+Adapter.m */; };
		977B7CCA169F264D00D107DA /* NSManagedObject+Adapter.m in Sources */ = {isa = PBXBuildFile; fileRef = 977B7CC8169F264C00D107DA /* NSManagedObject+Adapter.m */; };
		978EFF731673A0AC00320DE6 /* OCCrawlerAuthenticationCourseState.m in Sources */ = {isa = PBXBuildFile; fileRef = 978EFF721673A0AC00320DE6 /* OCCrawlerAuthenticationCourseState.m */; };
		978EFF741673A0AC00320DE6 /* OCCrawlerAuthenticationCourseState.m in Sources */ = {isa = PBXBuildFile; fileRef = 978EFF721673A0AC00320DE6 /* OCCrawlerAuthenticationCourseState.m */; };
		97938EC31667CB5000D53965 /* OCCourseListingsViewController.m in Sources */ = {isa = PBXBuildFile; fileRef = 97938EC21667CB5000D53965 /* OCCourseListingsViewController.m */; };
		97938EC71667CF7D00D53965 /* OCCourseListingsViewControllerTests.m in Sources */ = {isa = PBXBuildFile; fileRef = 97938EC51667CF7D00D53965 /* OCCourseListingsViewControllerTests.m */; };
		97938ECA1667D15100D53965 /* OCLoginViewControllerTests.m in Sources */ = {isa = PBXBuildFile; fileRef = 97938EC81667D15100D53965 /* OCLoginViewControllerTests.m */; };
		97938ECD1667D1DC00D53965 /* OCLoginViewController.m in Sources */ = {isa = PBXBuildFile; fileRef = 97938ECC1667D1DC00D53965 /* OCLoginViewController.m */; };
		97938ECE1667D1DC00D53965 /* OCLoginViewController.m in Sources */ = {isa = PBXBuildFile; fileRef = 97938ECC1667D1DC00D53965 /* OCLoginViewController.m */; };
		97A7C63416A920C300B20865 /* Data+Coredata.m in Sources */ = {isa = PBXBuildFile; fileRef = 97A7C63316A920C300B20865 /* Data+Coredata.m */; };
		97A7C63716A9222D00B20865 /* Data.m in Sources */ = {isa = PBXBuildFile; fileRef = 97A7C63616A9222D00B20865 /* Data.m */; };
		97AAAADC168C62B100EB1EBC /* OCSignupView.m in Sources */ = {isa = PBXBuildFile; fileRef = 97AAAAD7168C62B100EB1EBC /* OCSignupView.m */; };
		97AAAADD168C62B100EB1EBC /* OCSignupView.m in Sources */ = {isa = PBXBuildFile; fileRef = 97AAAAD7168C62B100EB1EBC /* OCSignupView.m */; };
		97AAAAE4168C62BD00EB1EBC /* OCSignupViewController.m in Sources */ = {isa = PBXBuildFile; fileRef = 97AAAAE1168C62BD00EB1EBC /* OCSignupViewController.m */; };
		97AAAAE5168C62BD00EB1EBC /* OCSignupViewController.m in Sources */ = {isa = PBXBuildFile; fileRef = 97AAAAE1168C62BD00EB1EBC /* OCSignupViewController.m */; };
		97AAAAEA168C62C700EB1EBC /* OCCrawlerSignupState.m in Sources */ = {isa = PBXBuildFile; fileRef = 97AAAAE9168C62C700EB1EBC /* OCCrawlerSignupState.m */; };
		97AAAAEB168C62C700EB1EBC /* OCCrawlerSignupState.m in Sources */ = {isa = PBXBuildFile; fileRef = 97AAAAE9168C62C700EB1EBC /* OCCrawlerSignupState.m */; };
		97AAAAEE168C636000EB1EBC /* MBProgressHUD.m in Sources */ = {isa = PBXBuildFile; fileRef = 97AAAAED168C636000EB1EBC /* MBProgressHUD.m */; };
		97AAAAEF168C636000EB1EBC /* MBProgressHUD.m in Sources */ = {isa = PBXBuildFile; fileRef = 97AAAAED168C636000EB1EBC /* MBProgressHUD.m */; };
		97AAAAF2168C639E00EB1EBC /* startScreen.png in Resources */ = {isa = PBXBuildFile; fileRef = 97AAAAF0168C639E00EB1EBC /* startScreen.png */; };
		97AAAAF3168C639E00EB1EBC /* startScreen.png in Resources */ = {isa = PBXBuildFile; fileRef = 97AAAAF0168C639E00EB1EBC /* startScreen.png */; };
		97AAAAF4168C639E00EB1EBC /* startScreen@2x.png in Resources */ = {isa = PBXBuildFile; fileRef = 97AAAAF1168C639E00EB1EBC /* startScreen@2x.png */; };
		97AAAAF5168C639E00EB1EBC /* startScreen@2x.png in Resources */ = {isa = PBXBuildFile; fileRef = 97AAAAF1168C639E00EB1EBC /* startScreen@2x.png */; };
		97B3081E166A15F500089470 /* login_background-568h@2x.png in Resources */ = {isa = PBXBuildFile; fileRef = 97B3081B166A15F500089470 /* login_background-568h@2x.png */; };
		97B3081F166A15F500089470 /* login_background-568h@2x.png in Resources */ = {isa = PBXBuildFile; fileRef = 97B3081B166A15F500089470 /* login_background-568h@2x.png */; };
		97B30820166A15F500089470 /* login_background.png in Resources */ = {isa = PBXBuildFile; fileRef = 97B3081C166A15F500089470 /* login_background.png */; };
		97B30821166A15F500089470 /* login_background.png in Resources */ = {isa = PBXBuildFile; fileRef = 97B3081C166A15F500089470 /* login_background.png */; };
		97B30822166A15F500089470 /* login_background@2x.png in Resources */ = {isa = PBXBuildFile; fileRef = 97B3081D166A15F500089470 /* login_background@2x.png */; };
		97B30823166A15F500089470 /* login_background@2x.png in Resources */ = {isa = PBXBuildFile; fileRef = 97B3081D166A15F500089470 /* login_background@2x.png */; };
		97B3083B166A25EE00089470 /* LivoryBold.otf in Resources */ = {isa = PBXBuildFile; fileRef = 97B30837166A25EE00089470 /* LivoryBold.otf */; };
		97B3083C166A25EE00089470 /* LivoryBold.otf in Resources */ = {isa = PBXBuildFile; fileRef = 97B30837166A25EE00089470 /* LivoryBold.otf */; };
		97B3083D166A25EE00089470 /* LivoryBoldItalic.otf in Resources */ = {isa = PBXBuildFile; fileRef = 97B30838166A25EE00089470 /* LivoryBoldItalic.otf */; };
		97B3083E166A25EE00089470 /* LivoryBoldItalic.otf in Resources */ = {isa = PBXBuildFile; fileRef = 97B30838166A25EE00089470 /* LivoryBoldItalic.otf */; };
		97B3083F166A25EE00089470 /* LivoryItalic.otf in Resources */ = {isa = PBXBuildFile; fileRef = 97B30839166A25EE00089470 /* LivoryItalic.otf */; };
		97B30840166A25EE00089470 /* LivoryItalic.otf in Resources */ = {isa = PBXBuildFile; fileRef = 97B30839166A25EE00089470 /* LivoryItalic.otf */; };
		97B30841166A25EE00089470 /* LivoryRegular.otf in Resources */ = {isa = PBXBuildFile; fileRef = 97B3083A166A25EE00089470 /* LivoryRegular.otf */; };
		97B30842166A25EE00089470 /* LivoryRegular.otf in Resources */ = {isa = PBXBuildFile; fileRef = 97B3083A166A25EE00089470 /* LivoryRegular.otf */; };
		97B30847166A54C000089470 /* login_button.png in Resources */ = {isa = PBXBuildFile; fileRef = 97B30843166A54BF00089470 /* login_button.png */; };
		97B30848166A54C000089470 /* login_button.png in Resources */ = {isa = PBXBuildFile; fileRef = 97B30843166A54BF00089470 /* login_button.png */; };
		97B30849166A54C000089470 /* login_button@2x.png in Resources */ = {isa = PBXBuildFile; fileRef = 97B30844166A54C000089470 /* login_button@2x.png */; };
		97B3084A166A54C000089470 /* login_button@2x.png in Resources */ = {isa = PBXBuildFile; fileRef = 97B30844166A54C000089470 /* login_button@2x.png */; };
		97B3084B166A54C000089470 /* login_Down.png in Resources */ = {isa = PBXBuildFile; fileRef = 97B30845166A54C000089470 /* login_Down.png */; };
		97B3084C166A54C000089470 /* login_Down.png in Resources */ = {isa = PBXBuildFile; fileRef = 97B30845166A54C000089470 /* login_Down.png */; };
		97B3084D166A54C000089470 /* login_Down@2x.png in Resources */ = {isa = PBXBuildFile; fileRef = 97B30846166A54C000089470 /* login_Down@2x.png */; };
		97B3084E166A54C000089470 /* login_Down@2x.png in Resources */ = {isa = PBXBuildFile; fileRef = 97B30846166A54C000089470 /* login_Down@2x.png */; };
		97B30868166A671900089470 /* OCCourseraCrawlerTests.m in Sources */ = {isa = PBXBuildFile; fileRef = 97B30866166A671900089470 /* OCCourseraCrawlerTests.m */; };
		97B3086B166A67CA00089470 /* OCCourseraCrawler.m in Sources */ = {isa = PBXBuildFile; fileRef = 97B3086A166A67CA00089470 /* OCCourseraCrawler.m */; };
		97B3086C166A67CA00089470 /* OCCourseraCrawler.m in Sources */ = {isa = PBXBuildFile; fileRef = 97B3086A166A67CA00089470 /* OCCourseraCrawler.m */; };
		97B30872166B0A7200089470 /* OCCrawlerAbstractState.m in Sources */ = {isa = PBXBuildFile; fileRef = 97B30871166B0A7200089470 /* OCCrawlerAbstractState.m */; };
		97B30873166B0A7200089470 /* OCCrawlerAbstractState.m in Sources */ = {isa = PBXBuildFile; fileRef = 97B30871166B0A7200089470 /* OCCrawlerAbstractState.m */; };
		97B30879166B0CE600089470 /* OCCrawlerLoginState.m in Sources */ = {isa = PBXBuildFile; fileRef = 97B30878166B0CE600089470 /* OCCrawlerLoginState.m */; };
		97B3087A166B0CE600089470 /* OCCrawlerLoginState.m in Sources */ = {isa = PBXBuildFile; fileRef = 97B30878166B0CE600089470 /* OCCrawlerLoginState.m */; };
		97B3087D166B149400089470 /* OCJavascriptFunctions.m in Sources */ = {isa = PBXBuildFile; fileRef = 97B3087C166B149400089470 /* OCJavascriptFunctions.m */; };
		97B3087E166B149400089470 /* OCJavascriptFunctions.m in Sources */ = {isa = PBXBuildFile; fileRef = 97B3087C166B149400089470 /* OCJavascriptFunctions.m */; };
		97B30881166B1AD700089470 /* OCCrawlerCourseListingState.m in Sources */ = {isa = PBXBuildFile; fileRef = 97B30880166B1AD700089470 /* OCCrawlerCourseListingState.m */; };
		97B30882166B1AD700089470 /* OCCrawlerCourseListingState.m in Sources */ = {isa = PBXBuildFile; fileRef = 97B30880166B1AD700089470 /* OCCrawlerCourseListingState.m */; };
		97DD0D9B16671FD50022378D /* UIKit.framework in Frameworks */ = {isa = PBXBuildFile; fileRef = 97DD0D9A16671FD50022378D /* UIKit.framework */; };
		97DD0D9D16671FD50022378D /* Foundation.framework in Frameworks */ = {isa = PBXBuildFile; fileRef = 97DD0D9C16671FD50022378D /* Foundation.framework */; };
		97DD0D9F16671FD50022378D /* CoreGraphics.framework in Frameworks */ = {isa = PBXBuildFile; fileRef = 97DD0D9E16671FD50022378D /* CoreGraphics.framework */; };
		97DD0DA516671FD50022378D /* InfoPlist.strings in Resources */ = {isa = PBXBuildFile; fileRef = 97DD0DA316671FD50022378D /* InfoPlist.strings */; };
		97DD0DA716671FD50022378D /* main.m in Sources */ = {isa = PBXBuildFile; fileRef = 97DD0DA616671FD50022378D /* main.m */; };
		97DD0DAD16671FD50022378D /* Default.png in Resources */ = {isa = PBXBuildFile; fileRef = 97DD0DAC16671FD50022378D /* Default.png */; };
		97DD0DAF16671FD50022378D /* Default@2x.png in Resources */ = {isa = PBXBuildFile; fileRef = 97DD0DAE16671FD50022378D /* Default@2x.png */; };
		97DD0DB116671FD50022378D /* Default-568h@2x.png in Resources */ = {isa = PBXBuildFile; fileRef = 97DD0DB016671FD50022378D /* Default-568h@2x.png */; };
		97DD0DDF1667683A0022378D /* SenTestingKit.framework in Frameworks */ = {isa = PBXBuildFile; fileRef = 97DD0DDE1667683A0022378D /* SenTestingKit.framework */; };
		97DD0DE01667683A0022378D /* UIKit.framework in Frameworks */ = {isa = PBXBuildFile; fileRef = 97DD0D9A16671FD50022378D /* UIKit.framework */; };
		97DD0DE11667683A0022378D /* Foundation.framework in Frameworks */ = {isa = PBXBuildFile; fileRef = 97DD0D9C16671FD50022378D /* Foundation.framework */; };
		97DD0DE71667683A0022378D /* InfoPlist.strings in Resources */ = {isa = PBXBuildFile; fileRef = 97DD0DE51667683A0022378D /* InfoPlist.strings */; };
		97DD0E301667BD570022378D /* OCAppDelegate.m in Sources */ = {isa = PBXBuildFile; fileRef = 97DD0E281667BD570022378D /* OCAppDelegate.m */; };
		97DD0E311667BD570022378D /* OCAppDelegate.m in Sources */ = {isa = PBXBuildFile; fileRef = 97DD0E281667BD570022378D /* OCAppDelegate.m */; };
		97DD0E511667C1AE0022378D /* OCUtility.m in Sources */ = {isa = PBXBuildFile; fileRef = 97DD0E501667C1AE0022378D /* OCUtility.m */; };
		97DD0E521667C1AE0022378D /* OCUtility.m in Sources */ = {isa = PBXBuildFile; fileRef = 97DD0E501667C1AE0022378D /* OCUtility.m */; };
		97DD0E581667C7400022378D /* OCUtilityTests.m in Sources */ = {isa = PBXBuildFile; fileRef = 97DD0E561667C7400022378D /* OCUtilityTests.m */; };
		97F7B17016A3221A000B4F4C /* Lecture+CoreData.m in Sources */ = {isa = PBXBuildFile; fileRef = 97F7B16F16A3221A000B4F4C /* Lecture+CoreData.m */; };
		97F7B17116A3221A000B4F4C /* Lecture+CoreData.m in Sources */ = {isa = PBXBuildFile; fileRef = 97F7B16F16A3221A000B4F4C /* Lecture+CoreData.m */; };
		97FC3F271677B16A008FD22F /* OCCrawlerLectureListingState.m in Sources */ = {isa = PBXBuildFile; fileRef = 97FC3F241677B16A008FD22F /* OCCrawlerLectureListingState.m */; };
		97FC3F281677B16A008FD22F /* OCCrawlerLectureListingState.m in Sources */ = {isa = PBXBuildFile; fileRef = 97FC3F241677B16A008FD22F /* OCCrawlerLectureListingState.m */; };
		97FC3F2E1677B187008FD22F /* OCLectureListingsViewController.m in Sources */ = {isa = PBXBuildFile; fileRef = 97FC3F2D1677B187008FD22F /* OCLectureListingsViewController.m */; };
		97FC3F2F1677B187008FD22F /* OCLectureListingsViewController.m in Sources */ = {isa = PBXBuildFile; fileRef = 97FC3F2D1677B187008FD22F /* OCLectureListingsViewController.m */; };
		97FC3F321677B199008FD22F /* OCLectureListingView.m in Sources */ = {isa = PBXBuildFile; fileRef = 97FC3F311677B199008FD22F /* OCLectureListingView.m */; };
		97FC3F331677B199008FD22F /* OCLectureListingView.m in Sources */ = {isa = PBXBuildFile; fileRef = 97FC3F311677B199008FD22F /* OCLectureListingView.m */; };
		97FC3F3E1677BF25008FD22F /* OCLecture.m in Sources */ = {isa = PBXBuildFile; fileRef = 97FC3F3D1677BF25008FD22F /* OCLecture.m */; };
		97FC3F3F1677BF25008FD22F /* OCLecture.m in Sources */ = {isa = PBXBuildFile; fileRef = 97FC3F3D1677BF25008FD22F /* OCLecture.m */; };
		97FC3F781678F980008FD22F /* MediaPlayer.framework in Frameworks */ = {isa = PBXBuildFile; fileRef = 97FC3F771678F97F008FD22F /* MediaPlayer.framework */; };
		C1A16833ADC94012AF345B23 /* libPods-Kiwi.a in Frameworks */ = {isa = PBXBuildFile; fileRef = E66655067F9F4839ACF8D395 /* libPods-Kiwi.a */; };
/* End PBXBuildFile section */

/* Begin PBXFileReference section */
		5B455DBF1A864425BDCADB9F /* Pods-Kiwi.xcconfig */ = {isa = PBXFileReference; includeInIndex = 1; lastKnownFileType = text.xcconfig; name = "Pods-Kiwi.xcconfig"; path = "Pods/Pods-Kiwi.xcconfig"; sourceTree = SOURCE_ROOT; };
		844CAC281675ECD20057CEDA /* OCWatchingVideo.h */ = {isa = PBXFileReference; fileEncoding = 4; lastKnownFileType = sourcecode.c.h; path = OCWatchingVideo.h; sourceTree = "<group>"; };
		844CAC291675ECD20057CEDA /* OCWatchingVideo.m */ = {isa = PBXFileReference; fileEncoding = 4; lastKnownFileType = sourcecode.c.objc; path = OCWatchingVideo.m; sourceTree = "<group>"; };
		844CAC2C1675ED600057CEDA /* OCWatchingVideoViewController.h */ = {isa = PBXFileReference; fileEncoding = 4; lastKnownFileType = sourcecode.c.h; path = OCWatchingVideoViewController.h; sourceTree = "<group>"; };
		844CAC2D1675ED600057CEDA /* OCWatchingVideoViewController.m */ = {isa = PBXFileReference; fileEncoding = 4; lastKnownFileType = sourcecode.c.objc; path = OCWatchingVideoViewController.m; sourceTree = "<group>"; };
		845940EE16946BE000A9E34E /* UIButton+Style.h */ = {isa = PBXFileReference; fileEncoding = 4; lastKnownFileType = sourcecode.c.h; path = "UIButton+Style.h"; sourceTree = "<group>"; };
		845940EF16946BE000A9E34E /* UIButton+Style.m */ = {isa = PBXFileReference; fileEncoding = 4; lastKnownFileType = sourcecode.c.objc; path = "UIButton+Style.m"; sourceTree = "<group>"; };
		8498602F1698264900CCF46F /* back_button.png */ = {isa = PBXFileReference; lastKnownFileType = image.png; path = back_button.png; sourceTree = "<group>"; };
		8960141CC2814ECA9BFC8E10 /* Pods-OnCourse.xcconfig */ = {isa = PBXFileReference; includeInIndex = 1; lastKnownFileType = text.xcconfig; name = "Pods-OnCourse.xcconfig"; path = "Pods/Pods-OnCourse.xcconfig"; sourceTree = SOURCE_ROOT; };
		950E0993CFFE4A7899600FA1 /* libPods-OnCourse.a */ = {isa = PBXFileReference; explicitFileType = archive.ar; includeInIndex = 0; path = "libPods-OnCourse.a"; sourceTree = BUILT_PRODUCTS_DIR; };
		9715C2E8166FA23700C67F0C /* OCCourseListingCell.h */ = {isa = PBXFileReference; fileEncoding = 4; lastKnownFileType = sourcecode.c.h; path = OCCourseListingCell.h; sourceTree = "<group>"; };
		9715C2E9166FA23700C67F0C /* OCCourseListingCell.m */ = {isa = PBXFileReference; fileEncoding = 4; lastKnownFileType = sourcecode.c.objc; path = OCCourseListingCell.m; sourceTree = "<group>"; };
		973B41A216A680A000056406 /* Lecture.h */ = {isa = PBXFileReference; fileEncoding = 4; lastKnownFileType = sourcecode.c.h; path = Lecture.h; sourceTree = "<group>"; };
		973B41A316A680A000056406 /* Lecture.m */ = {isa = PBXFileReference; fileEncoding = 4; lastKnownFileType = sourcecode.c.objc; path = Lecture.m; sourceTree = "<group>"; };
		973B41DF16A7DA4000056406 /* Course.h */ = {isa = PBXFileReference; fileEncoding = 4; lastKnownFileType = sourcecode.c.h; path = Course.h; sourceTree = "<group>"; };
		973B41E016A7DA4000056406 /* Course.m */ = {isa = PBXFileReference; fileEncoding = 4; lastKnownFileType = sourcecode.c.objc; path = Course.m; sourceTree = "<group>"; };
		9752A6B6166D000B00B0A75A /* OCCourseListingView.h */ = {isa = PBXFileReference; fileEncoding = 4; lastKnownFileType = sourcecode.c.h; path = OCCourseListingView.h; sourceTree = "<group>"; };
		9752A6B7166D000B00B0A75A /* OCCourseListingView.m */ = {isa = PBXFileReference; fileEncoding = 4; lastKnownFileType = sourcecode.c.objc; path = OCCourseListingView.m; sourceTree = "<group>"; };
		975CCFAA1668D990008B5CB3 /* OCLoginViewTests.m */ = {isa = PBXFileReference; fileEncoding = 4; lastKnownFileType = sourcecode.c.objc; path = OCLoginViewTests.m; sourceTree = "<group>"; };
		975CCFAD1668DA56008B5CB3 /* OCLoginView.h */ = {isa = PBXFileReference; fileEncoding = 4; lastKnownFileType = sourcecode.c.h; path = OCLoginView.h; sourceTree = "<group>"; };
		975CCFAE1668DA56008B5CB3 /* OCLoginView.m */ = {isa = PBXFileReference; fileEncoding = 4; lastKnownFileType = sourcecode.c.objc; path = OCLoginView.m; sourceTree = "<group>"; };
		977B7C8B169F133000D107DA /* CoreData.framework */ = {isa = PBXFileReference; lastKnownFileType = wrapper.framework; name = CoreData.framework; path = System/Library/Frameworks/CoreData.framework; sourceTree = SDKROOT; };
		977B7C8F169F137900D107DA /* OnCourse.xcdatamodel */ = {isa = PBXFileReference; lastKnownFileType = wrapper.xcdatamodel; path = OnCourse.xcdatamodel; sourceTree = "<group>"; };
		977B7CAB169F23A800D107DA /* Course+CoreData.h */ = {isa = PBXFileReference; fileEncoding = 4; lastKnownFileType = sourcecode.c.h; path = "Course+CoreData.h"; sourceTree = "<group>"; };
		977B7CAC169F23A900D107DA /* Course+CoreData.m */ = {isa = PBXFileReference; fileEncoding = 4; lastKnownFileType = sourcecode.c.objc; path = "Course+CoreData.m"; sourceTree = "<group>"; };
		977B7CC7169F264C00D107DA /* NSManagedObject+Adapter.h */ = {isa = PBXFileReference; fileEncoding = 4; lastKnownFileType = sourcecode.c.h; path = "NSManagedObject+Adapter.h"; sourceTree = "<group>"; };
		977B7CC8169F264C00D107DA /* NSManagedObject+Adapter.m */ = {isa = PBXFileReference; fileEncoding = 4; lastKnownFileType = sourcecode.c.objc; path = "NSManagedObject+Adapter.m"; sourceTree = "<group>"; };
		978EFF711673A0AC00320DE6 /* OCCrawlerAuthenticationCourseState.h */ = {isa = PBXFileReference; fileEncoding = 4; lastKnownFileType = sourcecode.c.h; path = OCCrawlerAuthenticationCourseState.h; sourceTree = "<group>"; };
		978EFF721673A0AC00320DE6 /* OCCrawlerAuthenticationCourseState.m */ = {isa = PBXFileReference; fileEncoding = 4; lastKnownFileType = sourcecode.c.objc; path = OCCrawlerAuthenticationCourseState.m; sourceTree = "<group>"; };
		97938EC11667CB5000D53965 /* OCCourseListingsViewController.h */ = {isa = PBXFileReference; fileEncoding = 4; lastKnownFileType = sourcecode.c.h; path = OCCourseListingsViewController.h; sourceTree = "<group>"; };
		97938EC21667CB5000D53965 /* OCCourseListingsViewController.m */ = {isa = PBXFileReference; fileEncoding = 4; lastKnownFileType = sourcecode.c.objc; path = OCCourseListingsViewController.m; sourceTree = "<group>"; };
		97938EC51667CF7D00D53965 /* OCCourseListingsViewControllerTests.m */ = {isa = PBXFileReference; fileEncoding = 4; lastKnownFileType = sourcecode.c.objc; path = OCCourseListingsViewControllerTests.m; sourceTree = "<group>"; };
		97938EC81667D15100D53965 /* OCLoginViewControllerTests.m */ = {isa = PBXFileReference; fileEncoding = 4; lastKnownFileType = sourcecode.c.objc; path = OCLoginViewControllerTests.m; sourceTree = "<group>"; };
		97938ECB1667D1DC00D53965 /* OCLoginViewController.h */ = {isa = PBXFileReference; fileEncoding = 4; lastKnownFileType = sourcecode.c.h; path = OCLoginViewController.h; sourceTree = "<group>"; };
		97938ECC1667D1DC00D53965 /* OCLoginViewController.m */ = {isa = PBXFileReference; fileEncoding = 4; lastKnownFileType = sourcecode.c.objc; path = OCLoginViewController.m; sourceTree = "<group>"; };
		97A7C63216A920C300B20865 /* Data+Coredata.h */ = {isa = PBXFileReference; fileEncoding = 4; lastKnownFileType = sourcecode.c.h; path = "Data+Coredata.h"; sourceTree = "<group>"; };
		97A7C63316A920C300B20865 /* Data+Coredata.m */ = {isa = PBXFileReference; fileEncoding = 4; lastKnownFileType = sourcecode.c.objc; path = "Data+Coredata.m"; sourceTree = "<group>"; };
		97A7C63516A9222D00B20865 /* Data.h */ = {isa = PBXFileReference; fileEncoding = 4; lastKnownFileType = sourcecode.c.h; path = Data.h; sourceTree = "<group>"; };
		97A7C63616A9222D00B20865 /* Data.m */ = {isa = PBXFileReference; fileEncoding = 4; lastKnownFileType = sourcecode.c.objc; path = Data.m; sourceTree = "<group>"; };
		97AAAAD6168C62B100EB1EBC /* OCSignupView.h */ = {isa = PBXFileReference; fileEncoding = 4; lastKnownFileType = sourcecode.c.h; path = OCSignupView.h; sourceTree = "<group>"; };
		97AAAAD7168C62B100EB1EBC /* OCSignupView.m */ = {isa = PBXFileReference; fileEncoding = 4; lastKnownFileType = sourcecode.c.objc; path = OCSignupView.m; sourceTree = "<group>"; };
		97AAAAE0168C62BD00EB1EBC /* OCSignupViewController.h */ = {isa = PBXFileReference; fileEncoding = 4; lastKnownFileType = sourcecode.c.h; path = OCSignupViewController.h; sourceTree = "<group>"; };
		97AAAAE1168C62BD00EB1EBC /* OCSignupViewController.m */ = {isa = PBXFileReference; fileEncoding = 4; lastKnownFileType = sourcecode.c.objc; path = OCSignupViewController.m; sourceTree = "<group>"; };
		97AAAAE8168C62C700EB1EBC /* OCCrawlerSignupState.h */ = {isa = PBXFileReference; fileEncoding = 4; lastKnownFileType = sourcecode.c.h; path = OCCrawlerSignupState.h; sourceTree = "<group>"; };
		97AAAAE9168C62C700EB1EBC /* OCCrawlerSignupState.m */ = {isa = PBXFileReference; fileEncoding = 4; lastKnownFileType = sourcecode.c.objc; path = OCCrawlerSignupState.m; sourceTree = "<group>"; };
		97AAAAEC168C636000EB1EBC /* MBProgressHUD.h */ = {isa = PBXFileReference; fileEncoding = 4; lastKnownFileType = sourcecode.c.h; path = MBProgressHUD.h; sourceTree = "<group>"; };
		97AAAAED168C636000EB1EBC /* MBProgressHUD.m */ = {isa = PBXFileReference; fileEncoding = 4; lastKnownFileType = sourcecode.c.objc; path = MBProgressHUD.m; sourceTree = "<group>"; };
		97AAAAF0168C639E00EB1EBC /* startScreen.png */ = {isa = PBXFileReference; lastKnownFileType = image.png; path = startScreen.png; sourceTree = "<group>"; };
		97AAAAF1168C639E00EB1EBC /* startScreen@2x.png */ = {isa = PBXFileReference; lastKnownFileType = image.png; path = "startScreen@2x.png"; sourceTree = "<group>"; };
		97B3081B166A15F500089470 /* login_background-568h@2x.png */ = {isa = PBXFileReference; lastKnownFileType = image.png; path = "login_background-568h@2x.png"; sourceTree = "<group>"; };
		97B3081C166A15F500089470 /* login_background.png */ = {isa = PBXFileReference; lastKnownFileType = image.png; path = login_background.png; sourceTree = "<group>"; };
		97B3081D166A15F500089470 /* login_background@2x.png */ = {isa = PBXFileReference; lastKnownFileType = image.png; path = "login_background@2x.png"; sourceTree = "<group>"; };
		97B30837166A25EE00089470 /* LivoryBold.otf */ = {isa = PBXFileReference; lastKnownFileType = file; path = LivoryBold.otf; sourceTree = "<group>"; };
		97B30838166A25EE00089470 /* LivoryBoldItalic.otf */ = {isa = PBXFileReference; lastKnownFileType = file; path = LivoryBoldItalic.otf; sourceTree = "<group>"; };
		97B30839166A25EE00089470 /* LivoryItalic.otf */ = {isa = PBXFileReference; lastKnownFileType = file; path = LivoryItalic.otf; sourceTree = "<group>"; };
		97B3083A166A25EE00089470 /* LivoryRegular.otf */ = {isa = PBXFileReference; lastKnownFileType = file; path = LivoryRegular.otf; sourceTree = "<group>"; };
		97B30843166A54BF00089470 /* login_button.png */ = {isa = PBXFileReference; lastKnownFileType = image.png; path = login_button.png; sourceTree = "<group>"; };
		97B30844166A54C000089470 /* login_button@2x.png */ = {isa = PBXFileReference; lastKnownFileType = image.png; path = "login_button@2x.png"; sourceTree = "<group>"; };
		97B30845166A54C000089470 /* login_Down.png */ = {isa = PBXFileReference; lastKnownFileType = image.png; path = login_Down.png; sourceTree = "<group>"; };
		97B30846166A54C000089470 /* login_Down@2x.png */ = {isa = PBXFileReference; lastKnownFileType = image.png; path = "login_Down@2x.png"; sourceTree = "<group>"; };
		97B30866166A671900089470 /* OCCourseraCrawlerTests.m */ = {isa = PBXFileReference; fileEncoding = 4; lastKnownFileType = sourcecode.c.objc; path = OCCourseraCrawlerTests.m; sourceTree = "<group>"; };
		97B30869166A67CA00089470 /* OCCourseraCrawler.h */ = {isa = PBXFileReference; fileEncoding = 4; lastKnownFileType = sourcecode.c.h; path = OCCourseraCrawler.h; sourceTree = "<group>"; };
		97B3086A166A67CA00089470 /* OCCourseraCrawler.m */ = {isa = PBXFileReference; fileEncoding = 4; lastKnownFileType = sourcecode.c.objc; path = OCCourseraCrawler.m; sourceTree = "<group>"; };
		97B30870166B0A7200089470 /* OCCrawlerAbstractState.h */ = {isa = PBXFileReference; fileEncoding = 4; lastKnownFileType = sourcecode.c.h; path = OCCrawlerAbstractState.h; sourceTree = "<group>"; };
		97B30871166B0A7200089470 /* OCCrawlerAbstractState.m */ = {isa = PBXFileReference; fileEncoding = 4; lastKnownFileType = sourcecode.c.objc; path = OCCrawlerAbstractState.m; sourceTree = "<group>"; };
		97B30877166B0CE500089470 /* OCCrawlerLoginState.h */ = {isa = PBXFileReference; fileEncoding = 4; lastKnownFileType = sourcecode.c.h; path = OCCrawlerLoginState.h; sourceTree = "<group>"; };
		97B30878166B0CE600089470 /* OCCrawlerLoginState.m */ = {isa = PBXFileReference; fileEncoding = 4; lastKnownFileType = sourcecode.c.objc; path = OCCrawlerLoginState.m; sourceTree = "<group>"; };
		97B3087B166B149400089470 /* OCJavascriptFunctions.h */ = {isa = PBXFileReference; fileEncoding = 4; lastKnownFileType = sourcecode.c.h; path = OCJavascriptFunctions.h; sourceTree = "<group>"; };
		97B3087C166B149400089470 /* OCJavascriptFunctions.m */ = {isa = PBXFileReference; fileEncoding = 4; lastKnownFileType = sourcecode.c.objc; path = OCJavascriptFunctions.m; sourceTree = "<group>"; };
		97B3087F166B1AD700089470 /* OCCrawlerCourseListingState.h */ = {isa = PBXFileReference; fileEncoding = 4; lastKnownFileType = sourcecode.c.h; path = OCCrawlerCourseListingState.h; sourceTree = "<group>"; };
		97B30880166B1AD700089470 /* OCCrawlerCourseListingState.m */ = {isa = PBXFileReference; fileEncoding = 4; lastKnownFileType = sourcecode.c.objc; path = OCCrawlerCourseListingState.m; sourceTree = "<group>"; };
		97DD0D9616671FD50022378D /* OnCourse.app */ = {isa = PBXFileReference; explicitFileType = wrapper.application; includeInIndex = 0; path = OnCourse.app; sourceTree = BUILT_PRODUCTS_DIR; };
		97DD0D9A16671FD50022378D /* UIKit.framework */ = {isa = PBXFileReference; includeInIndex = 1; lastKnownFileType = wrapper.framework; name = UIKit.framework; path = System/Library/Frameworks/UIKit.framework; sourceTree = SDKROOT; };
		97DD0D9C16671FD50022378D /* Foundation.framework */ = {isa = PBXFileReference; includeInIndex = 1; lastKnownFileType = wrapper.framework; name = Foundation.framework; path = System/Library/Frameworks/Foundation.framework; sourceTree = SDKROOT; };
		97DD0D9E16671FD50022378D /* CoreGraphics.framework */ = {isa = PBXFileReference; includeInIndex = 1; lastKnownFileType = wrapper.framework; name = CoreGraphics.framework; path = System/Library/Frameworks/CoreGraphics.framework; sourceTree = SDKROOT; };
		97DD0DA216671FD50022378D /* OnCourse-Info.plist */ = {isa = PBXFileReference; lastKnownFileType = text.plist.xml; path = "OnCourse-Info.plist"; sourceTree = "<group>"; };
		97DD0DA416671FD50022378D /* en */ = {isa = PBXFileReference; lastKnownFileType = text.plist.strings; name = en; path = en.lproj/InfoPlist.strings; sourceTree = "<group>"; };
		97DD0DA616671FD50022378D /* main.m */ = {isa = PBXFileReference; lastKnownFileType = sourcecode.c.objc; path = main.m; sourceTree = "<group>"; };
		97DD0DA816671FD50022378D /* OnCourse-Prefix.pch */ = {isa = PBXFileReference; lastKnownFileType = sourcecode.c.h; path = "OnCourse-Prefix.pch"; sourceTree = "<group>"; };
		97DD0DAC16671FD50022378D /* Default.png */ = {isa = PBXFileReference; lastKnownFileType = image.png; path = Default.png; sourceTree = "<group>"; };
		97DD0DAE16671FD50022378D /* Default@2x.png */ = {isa = PBXFileReference; lastKnownFileType = image.png; path = "Default@2x.png"; sourceTree = "<group>"; };
		97DD0DB016671FD50022378D /* Default-568h@2x.png */ = {isa = PBXFileReference; lastKnownFileType = image.png; path = "Default-568h@2x.png"; sourceTree = "<group>"; };
		97DD0DDD1667683A0022378D /* Kiwi.octest */ = {isa = PBXFileReference; explicitFileType = wrapper.cfbundle; includeInIndex = 0; path = Kiwi.octest; sourceTree = BUILT_PRODUCTS_DIR; };
		97DD0DDE1667683A0022378D /* SenTestingKit.framework */ = {isa = PBXFileReference; includeInIndex = 1; lastKnownFileType = wrapper.framework; name = SenTestingKit.framework; path = Library/Frameworks/SenTestingKit.framework; sourceTree = DEVELOPER_DIR; };
		97DD0DE41667683A0022378D /* Kiwi-Info.plist */ = {isa = PBXFileReference; lastKnownFileType = text.plist.xml; path = "Kiwi-Info.plist"; sourceTree = "<group>"; };
		97DD0DE61667683A0022378D /* en */ = {isa = PBXFileReference; lastKnownFileType = text.plist.strings; name = en; path = en.lproj/InfoPlist.strings; sourceTree = "<group>"; };
		97DD0DEB1667683A0022378D /* Kiwi-Prefix.pch */ = {isa = PBXFileReference; lastKnownFileType = sourcecode.c.h; path = "Kiwi-Prefix.pch"; sourceTree = "<group>"; };
		97DD0E271667BD570022378D /* OCAppDelegate.h */ = {isa = PBXFileReference; fileEncoding = 4; lastKnownFileType = sourcecode.c.h; path = OCAppDelegate.h; sourceTree = "<group>"; };
		97DD0E281667BD570022378D /* OCAppDelegate.m */ = {isa = PBXFileReference; fileEncoding = 4; lastKnownFileType = sourcecode.c.objc; path = OCAppDelegate.m; sourceTree = "<group>"; };
		97DD0E4F1667C1AE0022378D /* OCUtility.h */ = {isa = PBXFileReference; fileEncoding = 4; lastKnownFileType = sourcecode.c.h; path = OCUtility.h; sourceTree = "<group>"; };
		97DD0E501667C1AE0022378D /* OCUtility.m */ = {isa = PBXFileReference; fileEncoding = 4; lastKnownFileType = sourcecode.c.objc; path = OCUtility.m; sourceTree = "<group>"; };
		97DD0E561667C7400022378D /* OCUtilityTests.m */ = {isa = PBXFileReference; fileEncoding = 4; lastKnownFileType = sourcecode.c.objc; path = OCUtilityTests.m; sourceTree = "<group>"; };
		97F7B16E16A3221A000B4F4C /* Lecture+CoreData.h */ = {isa = PBXFileReference; fileEncoding = 4; lastKnownFileType = sourcecode.c.h; path = "Lecture+CoreData.h"; sourceTree = "<group>"; };
		97F7B16F16A3221A000B4F4C /* Lecture+CoreData.m */ = {isa = PBXFileReference; fileEncoding = 4; lastKnownFileType = sourcecode.c.objc; path = "Lecture+CoreData.m"; sourceTree = "<group>"; };
		97FC3F231677B16A008FD22F /* OCCrawlerLectureListingState.h */ = {isa = PBXFileReference; fileEncoding = 4; lastKnownFileType = sourcecode.c.h; path = OCCrawlerLectureListingState.h; sourceTree = "<group>"; };
		97FC3F241677B16A008FD22F /* OCCrawlerLectureListingState.m */ = {isa = PBXFileReference; fileEncoding = 4; lastKnownFileType = sourcecode.c.objc; path = OCCrawlerLectureListingState.m; sourceTree = "<group>"; };
		97FC3F2C1677B187008FD22F /* OCLectureListingsViewController.h */ = {isa = PBXFileReference; fileEncoding = 4; lastKnownFileType = sourcecode.c.h; path = OCLectureListingsViewController.h; sourceTree = "<group>"; };
		97FC3F2D1677B187008FD22F /* OCLectureListingsViewController.m */ = {isa = PBXFileReference; fileEncoding = 4; lastKnownFileType = sourcecode.c.objc; path = OCLectureListingsViewController.m; sourceTree = "<group>"; };
		97FC3F301677B199008FD22F /* OCLectureListingView.h */ = {isa = PBXFileReference; fileEncoding = 4; lastKnownFileType = sourcecode.c.h; path = OCLectureListingView.h; sourceTree = "<group>"; };
		97FC3F311677B199008FD22F /* OCLectureListingView.m */ = {isa = PBXFileReference; fileEncoding = 4; lastKnownFileType = sourcecode.c.objc; path = OCLectureListingView.m; sourceTree = "<group>"; };
		97FC3F3C1677BF25008FD22F /* OCLecture.h */ = {isa = PBXFileReference; fileEncoding = 4; lastKnownFileType = sourcecode.c.h; path = OCLecture.h; sourceTree = "<group>"; };
		97FC3F3D1677BF25008FD22F /* OCLecture.m */ = {isa = PBXFileReference; fileEncoding = 4; lastKnownFileType = sourcecode.c.objc; path = OCLecture.m; sourceTree = "<group>"; };
		97FC3F771678F97F008FD22F /* MediaPlayer.framework */ = {isa = PBXFileReference; lastKnownFileType = wrapper.framework; name = MediaPlayer.framework; path = System/Library/Frameworks/MediaPlayer.framework; sourceTree = SDKROOT; };
		E66655067F9F4839ACF8D395 /* libPods-Kiwi.a */ = {isa = PBXFileReference; explicitFileType = archive.ar; includeInIndex = 0; path = "libPods-Kiwi.a"; sourceTree = BUILT_PRODUCTS_DIR; };
/* End PBXFileReference section */

/* Begin PBXFrameworksBuildPhase section */
		97DD0D9316671FD50022378D /* Frameworks */ = {
			isa = PBXFrameworksBuildPhase;
			buildActionMask = 2147483647;
			files = (
				977B7C8C169F133000D107DA /* CoreData.framework in Frameworks */,
				97FC3F781678F980008FD22F /* MediaPlayer.framework in Frameworks */,
				97DD0D9B16671FD50022378D /* UIKit.framework in Frameworks */,
				97DD0D9D16671FD50022378D /* Foundation.framework in Frameworks */,
				97DD0D9F16671FD50022378D /* CoreGraphics.framework in Frameworks */,
				1FB6C2275E3E47C3934B1469 /* libPods-OnCourse.a in Frameworks */,
			);
			runOnlyForDeploymentPostprocessing = 0;
		};
		97DD0DD91667683A0022378D /* Frameworks */ = {
			isa = PBXFrameworksBuildPhase;
			buildActionMask = 2147483647;
			files = (
				97DD0DDF1667683A0022378D /* SenTestingKit.framework in Frameworks */,
				97DD0DE01667683A0022378D /* UIKit.framework in Frameworks */,
				97DD0DE11667683A0022378D /* Foundation.framework in Frameworks */,
				C1A16833ADC94012AF345B23 /* libPods-Kiwi.a in Frameworks */,
			);
			runOnlyForDeploymentPostprocessing = 0;
		};
/* End PBXFrameworksBuildPhase section */

/* Begin PBXGroup section */
		845940ED16946BE000A9E34E /* Category */ = {
			isa = PBXGroup;
			children = (
				845940EE16946BE000A9E34E /* UIButton+Style.h */,
				845940EF16946BE000A9E34E /* UIButton+Style.m */,
			);
			path = Category;
			sourceTree = "<group>";
		};
		977B7C9A169F222100D107DA /* GenerateFiles */ = {
			isa = PBXGroup;
			children = (
				97A7C63516A9222D00B20865 /* Data.h */,
				97A7C63616A9222D00B20865 /* Data.m */,
				973B41DF16A7DA4000056406 /* Course.h */,
				973B41E016A7DA4000056406 /* Course.m */,
				973B41A216A680A000056406 /* Lecture.h */,
				973B41A316A680A000056406 /* Lecture.m */,
			);
			path = GenerateFiles;
			sourceTree = "<group>";
		};
		97938EE81667E2E000D53965 /* Views */ = {
			isa = PBXGroup;
			children = (
				97AAAAD6168C62B100EB1EBC /* OCSignupView.h */,
				97AAAAD7168C62B100EB1EBC /* OCSignupView.m */,
				97FC3F301677B199008FD22F /* OCLectureListingView.h */,
				97FC3F311677B199008FD22F /* OCLectureListingView.m */,
				975CCFAD1668DA56008B5CB3 /* OCLoginView.h */,
				975CCFAE1668DA56008B5CB3 /* OCLoginView.m */,
				844CAC281675ECD20057CEDA /* OCWatchingVideo.h */,
				844CAC291675ECD20057CEDA /* OCWatchingVideo.m */,
				9752A6B6166D000B00B0A75A /* OCCourseListingView.h */,
				9752A6B7166D000B00B0A75A /* OCCourseListingView.m */,
				9715C2E8166FA23700C67F0C /* OCCourseListingCell.h */,
				9715C2E9166FA23700C67F0C /* OCCourseListingCell.m */,
			);
			path = Views;
			sourceTree = "<group>";
		};
		97B30801166A0E9300089470 /* images */ = {
			isa = PBXGroup;
			children = (
				8498602F1698264900CCF46F /* back_button.png */,
				97AAAAF0168C639E00EB1EBC /* startScreen.png */,
				97AAAAF1168C639E00EB1EBC /* startScreen@2x.png */,
				97B30843166A54BF00089470 /* login_button.png */,
				97B30844166A54C000089470 /* login_button@2x.png */,
				97B30845166A54C000089470 /* login_Down.png */,
				97B30846166A54C000089470 /* login_Down@2x.png */,
				97B3081B166A15F500089470 /* login_background-568h@2x.png */,
				97B3081C166A15F500089470 /* login_background.png */,
				97B3081D166A15F500089470 /* login_background@2x.png */,
			);
			path = images;
			sourceTree = "<group>";
		};
		97B30836166A25EE00089470 /* fonts */ = {
			isa = PBXGroup;
			children = (
				97B30837166A25EE00089470 /* LivoryBold.otf */,
				97B30838166A25EE00089470 /* LivoryBoldItalic.otf */,
				97B30839166A25EE00089470 /* LivoryItalic.otf */,
				97B3083A166A25EE00089470 /* LivoryRegular.otf */,
			);
			path = fonts;
			sourceTree = "<group>";
		};
		97DD0D8B16671FD50022378D = {
			isa = PBXGroup;
			children = (
				97DD0DA016671FD50022378D /* OnCourse */,
				97DD0DE21667683A0022378D /* Kiwi */,
				97DD0D9916671FD50022378D /* Frameworks */,
				97DD0D9716671FD50022378D /* Products */,
				8960141CC2814ECA9BFC8E10 /* Pods-OnCourse.xcconfig */,
				5B455DBF1A864425BDCADB9F /* Pods-Kiwi.xcconfig */,
			);
			sourceTree = "<group>";
		};
		97DD0D9716671FD50022378D /* Products */ = {
			isa = PBXGroup;
			children = (
				97DD0D9616671FD50022378D /* OnCourse.app */,
				97DD0DDD1667683A0022378D /* Kiwi.octest */,
			);
			name = Products;
			sourceTree = "<group>";
		};
		97DD0D9916671FD50022378D /* Frameworks */ = {
			isa = PBXGroup;
			children = (
				977B7C8B169F133000D107DA /* CoreData.framework */,
				97FC3F771678F97F008FD22F /* MediaPlayer.framework */,
				97DD0D9A16671FD50022378D /* UIKit.framework */,
				97DD0D9C16671FD50022378D /* Foundation.framework */,
				97DD0D9E16671FD50022378D /* CoreGraphics.framework */,
				97DD0DDE1667683A0022378D /* SenTestingKit.framework */,
				950E0993CFFE4A7899600FA1 /* libPods-OnCourse.a */,
				E66655067F9F4839ACF8D395 /* libPods-Kiwi.a */,
			);
			name = Frameworks;
			sourceTree = "<group>";
		};
		97DD0DA016671FD50022378D /* OnCourse */ = {
			isa = PBXGroup;
			children = (
				97AAAAEC168C636000EB1EBC /* MBProgressHUD.h */,
				97AAAAED168C636000EB1EBC /* MBProgressHUD.m */,
				97DD0E251667BD570022378D /* Classes */,
				97DD0E2E1667BD570022378D /* Resources */,
				97DD0DA116671FD50022378D /* Supporting Files */,
			);
			path = OnCourse;
			sourceTree = "<group>";
		};
		97DD0DA116671FD50022378D /* Supporting Files */ = {
			isa = PBXGroup;
			children = (
				97DD0DA216671FD50022378D /* OnCourse-Info.plist */,
				97DD0DA316671FD50022378D /* InfoPlist.strings */,
				97DD0DA616671FD50022378D /* main.m */,
				97DD0DA816671FD50022378D /* OnCourse-Prefix.pch */,
				97DD0DAC16671FD50022378D /* Default.png */,
				97DD0DAE16671FD50022378D /* Default@2x.png */,
				97DD0DB016671FD50022378D /* Default-568h@2x.png */,
			);
			name = "Supporting Files";
			sourceTree = "<group>";
		};
		97DD0DE21667683A0022378D /* Kiwi */ = {
			isa = PBXGroup;
			children = (
				97DD0DE31667683A0022378D /* Supporting Files */,
				97DD0E561667C7400022378D /* OCUtilityTests.m */,
				97938EC51667CF7D00D53965 /* OCCourseListingsViewControllerTests.m */,
				97938EC81667D15100D53965 /* OCLoginViewControllerTests.m */,
				975CCFAA1668D990008B5CB3 /* OCLoginViewTests.m */,
				97B30866166A671900089470 /* OCCourseraCrawlerTests.m */,
			);
			path = Kiwi;
			sourceTree = "<group>";
		};
		97DD0DE31667683A0022378D /* Supporting Files */ = {
			isa = PBXGroup;
			children = (
				97DD0DE41667683A0022378D /* Kiwi-Info.plist */,
				97DD0DE51667683A0022378D /* InfoPlist.strings */,
				97DD0DEB1667683A0022378D /* Kiwi-Prefix.pch */,
			);
			name = "Supporting Files";
			sourceTree = "<group>";
		};
		97DD0E251667BD570022378D /* Classes */ = {
			isa = PBXGroup;
			children = (
				97938EE81667E2E000D53965 /* Views */,
				97DD0E261667BD570022378D /* AppDelegate */,
				97DD0E291667BD570022378D /* Controllers */,
				97DD0E2C1667BD570022378D /* Helpers */,
				97DD0E2D1667BD570022378D /* Models */,
			);
			path = Classes;
			sourceTree = "<group>";
		};
		97DD0E261667BD570022378D /* AppDelegate */ = {
			isa = PBXGroup;
			children = (
				97DD0E271667BD570022378D /* OCAppDelegate.h */,
				97DD0E281667BD570022378D /* OCAppDelegate.m */,
			);
			path = AppDelegate;
			sourceTree = "<group>";
		};
		97DD0E291667BD570022378D /* Controllers */ = {
			isa = PBXGroup;
			children = (
				97AAAAE0168C62BD00EB1EBC /* OCSignupViewController.h */,
				97AAAAE1168C62BD00EB1EBC /* OCSignupViewController.m */,
				97FC3F2C1677B187008FD22F /* OCLectureListingsViewController.h */,
				97FC3F2D1677B187008FD22F /* OCLectureListingsViewController.m */,
				844CAC2C1675ED600057CEDA /* OCWatchingVideoViewController.h */,
				844CAC2D1675ED600057CEDA /* OCWatchingVideoViewController.m */,
				97938EC11667CB5000D53965 /* OCCourseListingsViewController.h */,
				97938EC21667CB5000D53965 /* OCCourseListingsViewController.m */,
				97938ECB1667D1DC00D53965 /* OCLoginViewController.h */,
				97938ECC1667D1DC00D53965 /* OCLoginViewController.m */,
			);
			path = Controllers;
			sourceTree = "<group>";
		};
		97DD0E2C1667BD570022378D /* Helpers */ = {
			isa = PBXGroup;
			children = (
				845940ED16946BE000A9E34E /* Category */,
				97AAAAE8168C62C700EB1EBC /* OCCrawlerSignupState.h */,
				97AAAAE9168C62C700EB1EBC /* OCCrawlerSignupState.m */,
				97FC3F231677B16A008FD22F /* OCCrawlerLectureListingState.h */,
				97FC3F241677B16A008FD22F /* OCCrawlerLectureListingState.m */,
				97DD0E4F1667C1AE0022378D /* OCUtility.h */,
				97DD0E501667C1AE0022378D /* OCUtility.m */,
				97B30870166B0A7200089470 /* OCCrawlerAbstractState.h */,
				97B30871166B0A7200089470 /* OCCrawlerAbstractState.m */,
				97B30877166B0CE500089470 /* OCCrawlerLoginState.h */,
				97B30878166B0CE600089470 /* OCCrawlerLoginState.m */,
				97B3087F166B1AD700089470 /* OCCrawlerCourseListingState.h */,
				97B30880166B1AD700089470 /* OCCrawlerCourseListingState.m */,
				978EFF711673A0AC00320DE6 /* OCCrawlerAuthenticationCourseState.h */,
				978EFF721673A0AC00320DE6 /* OCCrawlerAuthenticationCourseState.m */,
			);
			path = Helpers;
			sourceTree = "<group>";
		};
		97DD0E2D1667BD570022378D /* Models */ = {
			isa = PBXGroup;
			children = (
				977B7C9A169F222100D107DA /* GenerateFiles */,
				97B30869166A67CA00089470 /* OCCourseraCrawler.h */,
				97B3086A166A67CA00089470 /* OCCourseraCrawler.m */,
				97B3087B166B149400089470 /* OCJavascriptFunctions.h */,
				97B3087C166B149400089470 /* OCJavascriptFunctions.m */,
				97FC3F3C1677BF25008FD22F /* OCLecture.h */,
				97FC3F3D1677BF25008FD22F /* OCLecture.m */,
				977B7CAB169F23A800D107DA /* Course+CoreData.h */,
				977B7CAC169F23A900D107DA /* Course+CoreData.m */,
				977B7CC7169F264C00D107DA /* NSManagedObject+Adapter.h */,
				977B7CC8169F264C00D107DA /* NSManagedObject+Adapter.m */,
				97F7B16E16A3221A000B4F4C /* Lecture+CoreData.h */,
				97F7B16F16A3221A000B4F4C /* Lecture+CoreData.m */,
				97A7C63216A920C300B20865 /* Data+Coredata.h */,
				97A7C63316A920C300B20865 /* Data+Coredata.m */,
			);
			path = Models;
			sourceTree = "<group>";
		};
		97DD0E2E1667BD570022378D /* Resources */ = {
			isa = PBXGroup;
			children = (
				97B30836166A25EE00089470 /* fonts */,
				97B30801166A0E9300089470 /* images */,
				977B7C8E169F137900D107DA /* OnCourse.xcdatamodeld */,
			);
			path = Resources;
			sourceTree = "<group>";
		};
/* End PBXGroup section */

/* Begin PBXNativeTarget section */
		97DD0D9516671FD50022378D /* OnCourse */ = {
			isa = PBXNativeTarget;
			buildConfigurationList = 97DD0DBA16671FD50022378D /* Build configuration list for PBXNativeTarget "OnCourse" */;
			buildPhases = (
				97DD0D9216671FD50022378D /* Sources */,
				97DD0D9316671FD50022378D /* Frameworks */,
				97DD0D9416671FD50022378D /* Resources */,
				1940957697B54C23A979E03A /* Copy Pods Resources */,
			);
			buildRules = (
			);
			dependencies = (
			);
			name = OnCourse;
			productName = OnCourse;
			productReference = 97DD0D9616671FD50022378D /* OnCourse.app */;
			productType = "com.apple.product-type.application";
		};
		97DD0DDC1667683A0022378D /* Kiwi */ = {
			isa = PBXNativeTarget;
			buildConfigurationList = 97DD0DEE1667683A0022378D /* Build configuration list for PBXNativeTarget "Kiwi" */;
			buildPhases = (
				97DD0DD81667683A0022378D /* Sources */,
				97DD0DD91667683A0022378D /* Frameworks */,
				97DD0DDA1667683A0022378D /* Resources */,
				97DD0DDB1667683A0022378D /* ShellScript */,
				6CED89B2FB8A44958B099F7F /* Copy Pods Resources */,
			);
			buildRules = (
			);
			dependencies = (
			);
			name = Kiwi;
			productName = Kiwi;
			productReference = 97DD0DDD1667683A0022378D /* Kiwi.octest */;
			productType = "com.apple.product-type.bundle";
		};
/* End PBXNativeTarget section */

/* Begin PBXProject section */
		97DD0D8D16671FD50022378D /* Project object */ = {
			isa = PBXProject;
			attributes = {
				CLASSPREFIX = OC;
				LastUpgradeCheck = 0450;
				ORGANIZATIONNAME = phatle;
			};
			buildConfigurationList = 97DD0D9016671FD50022378D /* Build configuration list for PBXProject "OnCourse" */;
			compatibilityVersion = "Xcode 3.2";
			developmentRegion = English;
			hasScannedForEncodings = 0;
			knownRegions = (
				en,
			);
			mainGroup = 97DD0D8B16671FD50022378D;
			productRefGroup = 97DD0D9716671FD50022378D /* Products */;
			projectDirPath = "";
			projectRoot = "";
			targets = (
				97DD0D9516671FD50022378D /* OnCourse */,
				97DD0DDC1667683A0022378D /* Kiwi */,
			);
		};
/* End PBXProject section */

/* Begin PBXResourcesBuildPhase section */
		97DD0D9416671FD50022378D /* Resources */ = {
			isa = PBXResourcesBuildPhase;
			buildActionMask = 2147483647;
			files = (
				97DD0DA516671FD50022378D /* InfoPlist.strings in Resources */,
				97DD0DAD16671FD50022378D /* Default.png in Resources */,
				97DD0DAF16671FD50022378D /* Default@2x.png in Resources */,
				97DD0DB116671FD50022378D /* Default-568h@2x.png in Resources */,
				97B3081E166A15F500089470 /* login_background-568h@2x.png in Resources */,
				97B30820166A15F500089470 /* login_background.png in Resources */,
				97B30822166A15F500089470 /* login_background@2x.png in Resources */,
				97B3083B166A25EE00089470 /* LivoryBold.otf in Resources */,
				97B3083D166A25EE00089470 /* LivoryBoldItalic.otf in Resources */,
				97B3083F166A25EE00089470 /* LivoryItalic.otf in Resources */,
				97B30841166A25EE00089470 /* LivoryRegular.otf in Resources */,
				97B30847166A54C000089470 /* login_button.png in Resources */,
				97B30849166A54C000089470 /* login_button@2x.png in Resources */,
				97B3084B166A54C000089470 /* login_Down.png in Resources */,
				97B3084D166A54C000089470 /* login_Down@2x.png in Resources */,
				97AAAAF2168C639E00EB1EBC /* startScreen.png in Resources */,
				97AAAAF4168C639E00EB1EBC /* startScreen@2x.png in Resources */,
				849860301698264900CCF46F /* back_button.png in Resources */,
			);
			runOnlyForDeploymentPostprocessing = 0;
		};
		97DD0DDA1667683A0022378D /* Resources */ = {
			isa = PBXResourcesBuildPhase;
			buildActionMask = 2147483647;
			files = (
				97DD0DE71667683A0022378D /* InfoPlist.strings in Resources */,
				97B3081F166A15F500089470 /* login_background-568h@2x.png in Resources */,
				97B30821166A15F500089470 /* login_background.png in Resources */,
				97B30823166A15F500089470 /* login_background@2x.png in Resources */,
				97B3083C166A25EE00089470 /* LivoryBold.otf in Resources */,
				97B3083E166A25EE00089470 /* LivoryBoldItalic.otf in Resources */,
				97B30840166A25EE00089470 /* LivoryItalic.otf in Resources */,
				97B30842166A25EE00089470 /* LivoryRegular.otf in Resources */,
				97B30848166A54C000089470 /* login_button.png in Resources */,
				97B3084A166A54C000089470 /* login_button@2x.png in Resources */,
				97B3084C166A54C000089470 /* login_Down.png in Resources */,
				97B3084E166A54C000089470 /* login_Down@2x.png in Resources */,
				97AAAAF3168C639E00EB1EBC /* startScreen.png in Resources */,
				97AAAAF5168C639E00EB1EBC /* startScreen@2x.png in Resources */,
			);
			runOnlyForDeploymentPostprocessing = 0;
		};
/* End PBXResourcesBuildPhase section */

/* Begin PBXShellScriptBuildPhase section */
		1940957697B54C23A979E03A /* Copy Pods Resources */ = {
			isa = PBXShellScriptBuildPhase;
			buildActionMask = 2147483647;
			files = (
			);
			inputPaths = (
			);
			name = "Copy Pods Resources";
			outputPaths = (
			);
			runOnlyForDeploymentPostprocessing = 0;
			shellPath = /bin/sh;
			shellScript = "\"${SRCROOT}/Pods/Pods-OnCourse-resources.sh\"\n";
		};
		6CED89B2FB8A44958B099F7F /* Copy Pods Resources */ = {
			isa = PBXShellScriptBuildPhase;
			buildActionMask = 2147483647;
			files = (
			);
			inputPaths = (
			);
			name = "Copy Pods Resources";
			outputPaths = (
			);
			runOnlyForDeploymentPostprocessing = 0;
			shellPath = /bin/sh;
			shellScript = "\"${SRCROOT}/Pods/Pods-Kiwi-resources.sh\"\n";
		};
		97DD0DDB1667683A0022378D /* ShellScript */ = {
			isa = PBXShellScriptBuildPhase;
			buildActionMask = 2147483647;
			files = (
			);
			inputPaths = (
			);
			outputPaths = (
			);
			runOnlyForDeploymentPostprocessing = 0;
			shellPath = /bin/sh;
			shellScript = "# Run the unit tests in this test bundle.\n\"${SYSTEM_DEVELOPER_DIR}/Tools/RunUnitTests\"\n";
		};
/* End PBXShellScriptBuildPhase section */

/* Begin PBXSourcesBuildPhase section */
		97DD0D9216671FD50022378D /* Sources */ = {
			isa = PBXSourcesBuildPhase;
			buildActionMask = 2147483647;
			files = (
				97DD0DA716671FD50022378D /* main.m in Sources */,
				97DD0E301667BD570022378D /* OCAppDelegate.m in Sources */,
				97DD0E511667C1AE0022378D /* OCUtility.m in Sources */,
				97938EC31667CB5000D53965 /* OCCourseListingsViewController.m in Sources */,
				97938ECD1667D1DC00D53965 /* OCLoginViewController.m in Sources */,
				975CCFAF1668DA56008B5CB3 /* OCLoginView.m in Sources */,
				97B3086B166A67CA00089470 /* OCCourseraCrawler.m in Sources */,
				97B30872166B0A7200089470 /* OCCrawlerAbstractState.m in Sources */,
				97B30879166B0CE600089470 /* OCCrawlerLoginState.m in Sources */,
				97B3087D166B149400089470 /* OCJavascriptFunctions.m in Sources */,
				97B30881166B1AD700089470 /* OCCrawlerCourseListingState.m in Sources */,
				9752A6B8166D000B00B0A75A /* OCCourseListingView.m in Sources */,
				9715C2EA166FA23700C67F0C /* OCCourseListingCell.m in Sources */,
				978EFF731673A0AC00320DE6 /* OCCrawlerAuthenticationCourseState.m in Sources */,
				844CAC2A1675ECD20057CEDA /* OCWatchingVideo.m in Sources */,
				844CAC2E1675ED600057CEDA /* OCWatchingVideoViewController.m in Sources */,
				97FC3F271677B16A008FD22F /* OCCrawlerLectureListingState.m in Sources */,
				97FC3F2E1677B187008FD22F /* OCLectureListingsViewController.m in Sources */,
				97FC3F321677B199008FD22F /* OCLectureListingView.m in Sources */,
				97FC3F3E1677BF25008FD22F /* OCLecture.m in Sources */,
				97AAAADC168C62B100EB1EBC /* OCSignupView.m in Sources */,
				97AAAAE4168C62BD00EB1EBC /* OCSignupViewController.m in Sources */,
				97AAAAEA168C62C700EB1EBC /* OCCrawlerSignupState.m in Sources */,
				97AAAAEE168C636000EB1EBC /* MBProgressHUD.m in Sources */,
				845940F016946BE000A9E34E /* UIButton+Style.m in Sources */,
				977B7C90169F137900D107DA /* OnCourse.xcdatamodeld in Sources */,
				977B7CAD169F23A900D107DA /* Course+CoreData.m in Sources */,
				977B7CC9169F264D00D107DA /* NSManagedObject+Adapter.m in Sources */,
				97F7B17016A3221A000B4F4C /* Lecture+CoreData.m in Sources */,
				973B41A416A680A000056406 /* Lecture.m in Sources */,
				973B41E116A7DA4000056406 /* Course.m in Sources */,
				97A7C63416A920C300B20865 /* Data+Coredata.m in Sources */,
				97A7C63716A9222D00B20865 /* Data.m in Sources */,
			);
			runOnlyForDeploymentPostprocessing = 0;
		};
		97DD0DD81667683A0022378D /* Sources */ = {
			isa = PBXSourcesBuildPhase;
			buildActionMask = 2147483647;
			files = (
				97DD0E311667BD570022378D /* OCAppDelegate.m in Sources */,
				97DD0E521667C1AE0022378D /* OCUtility.m in Sources */,
				97DD0E581667C7400022378D /* OCUtilityTests.m in Sources */,
				97938EC71667CF7D00D53965 /* OCCourseListingsViewControllerTests.m in Sources */,
				97938ECA1667D15100D53965 /* OCLoginViewControllerTests.m in Sources */,
				97938ECE1667D1DC00D53965 /* OCLoginViewController.m in Sources */,
				975CCFAC1668D990008B5CB3 /* OCLoginViewTests.m in Sources */,
				975CCFB01668DA56008B5CB3 /* OCLoginView.m in Sources */,
				97B30868166A671900089470 /* OCCourseraCrawlerTests.m in Sources */,
				97B3086C166A67CA00089470 /* OCCourseraCrawler.m in Sources */,
				97B30873166B0A7200089470 /* OCCrawlerAbstractState.m in Sources */,
				97B3087A166B0CE600089470 /* OCCrawlerLoginState.m in Sources */,
				97B3087E166B149400089470 /* OCJavascriptFunctions.m in Sources */,
				97B30882166B1AD700089470 /* OCCrawlerCourseListingState.m in Sources */,
				9752A6B9166D000B00B0A75A /* OCCourseListingView.m in Sources */,
				9715C2EB166FA23700C67F0C /* OCCourseListingCell.m in Sources */,
				978EFF741673A0AC00320DE6 /* OCCrawlerAuthenticationCourseState.m in Sources */,
				97FC3F281677B16A008FD22F /* OCCrawlerLectureListingState.m in Sources */,
				97FC3F2F1677B187008FD22F /* OCLectureListingsViewController.m in Sources */,
				97FC3F331677B199008FD22F /* OCLectureListingView.m in Sources */,
				97FC3F3F1677BF25008FD22F /* OCLecture.m in Sources */,
				97AAAADD168C62B100EB1EBC /* OCSignupView.m in Sources */,
				97AAAAE5168C62BD00EB1EBC /* OCSignupViewController.m in Sources */,
				97AAAAEB168C62C700EB1EBC /* OCCrawlerSignupState.m in Sources */,
				97AAAAEF168C636000EB1EBC /* MBProgressHUD.m in Sources */,
				845940F116946BE000A9E34E /* UIButton+Style.m in Sources */,
				977B7C91169F137900D107DA /* OnCourse.xcdatamodeld in Sources */,
				977B7CAE169F23A900D107DA /* Course+CoreData.m in Sources */,
				977B7CCA169F264D00D107DA /* NSManagedObject+Adapter.m in Sources */,
				97F7B17116A3221A000B4F4C /* Lecture+CoreData.m in Sources */,
				973B41A516A680A000056406 /* Lecture.m in Sources */,
				973B41E216A7DA4000056406 /* Course.m in Sources */,
			);
			runOnlyForDeploymentPostprocessing = 0;
		};
/* End PBXSourcesBuildPhase section */

/* Begin PBXVariantGroup section */
		97DD0DA316671FD50022378D /* InfoPlist.strings */ = {
			isa = PBXVariantGroup;
			children = (
				97DD0DA416671FD50022378D /* en */,
			);
			name = InfoPlist.strings;
			sourceTree = "<group>";
		};
		97DD0DE51667683A0022378D /* InfoPlist.strings */ = {
			isa = PBXVariantGroup;
			children = (
				97DD0DE61667683A0022378D /* en */,
			);
			name = InfoPlist.strings;
			sourceTree = "<group>";
		};
/* End PBXVariantGroup section */

/* Begin XCBuildConfiguration section */
		97DD0DB816671FD50022378D /* Debug */ = {
			isa = XCBuildConfiguration;
			buildSettings = {
				ALWAYS_SEARCH_USER_PATHS = NO;
				CLANG_CXX_LANGUAGE_STANDARD = "gnu++0x";
				CLANG_CXX_LIBRARY = "libc++";
				CLANG_ENABLE_OBJC_ARC = YES;
				CLANG_WARN_EMPTY_BODY = YES;
				CLANG_WARN__DUPLICATE_METHOD_MATCH = YES;
				CODE_SIGN_IDENTITY = "iPhone Developer: East Agile Dev (E5CV8LCBTY)";
				"CODE_SIGN_IDENTITY[sdk=iphoneos*]" = "iPhone Developer: East Agile Dev (E5CV8LCBTY)";
				COPY_PHASE_STRIP = NO;
				GCC_C_LANGUAGE_STANDARD = gnu99;
				GCC_DYNAMIC_NO_PIC = NO;
				GCC_OPTIMIZATION_LEVEL = 0;
				GCC_PREPROCESSOR_DEFINITIONS = (
					"DEBUG=1",
					"$(inherited)",
				);
				GCC_SYMBOLS_PRIVATE_EXTERN = NO;
				GCC_WARN_ABOUT_RETURN_TYPE = YES;
				GCC_WARN_UNINITIALIZED_AUTOS = YES;
				GCC_WARN_UNUSED_VARIABLE = YES;
				IPHONEOS_DEPLOYMENT_TARGET = 6.0;
				ONLY_ACTIVE_ARCH = YES;
				PROVISIONING_PROFILE = "DD1AC562-945A-4E5C-8EAC-64F05954B433";
				"PROVISIONING_PROFILE[sdk=iphoneos*]" = "DD1AC562-945A-4E5C-8EAC-64F05954B433";
				SDKROOT = iphoneos;
			};
			name = Debug;
		};
		97DD0DB916671FD50022378D /* Release */ = {
			isa = XCBuildConfiguration;
			buildSettings = {
				ALWAYS_SEARCH_USER_PATHS = NO;
				CLANG_CXX_LANGUAGE_STANDARD = "gnu++0x";
				CLANG_CXX_LIBRARY = "libc++";
				CLANG_ENABLE_OBJC_ARC = YES;
				CLANG_WARN_EMPTY_BODY = YES;
				CLANG_WARN__DUPLICATE_METHOD_MATCH = YES;
				CODE_SIGN_IDENTITY = "iPhone Developer: East Agile Dev (E5CV8LCBTY)";
				"CODE_SIGN_IDENTITY[sdk=iphoneos*]" = "iPhone Developer: East Agile Dev (E5CV8LCBTY)";
				COPY_PHASE_STRIP = YES;
				GCC_C_LANGUAGE_STANDARD = gnu99;
				GCC_WARN_ABOUT_RETURN_TYPE = YES;
				GCC_WARN_UNINITIALIZED_AUTOS = YES;
				GCC_WARN_UNUSED_VARIABLE = YES;
				IPHONEOS_DEPLOYMENT_TARGET = 6.0;
				OTHER_CFLAGS = "-DNS_BLOCK_ASSERTIONS=1";
				PROVISIONING_PROFILE = "DD1AC562-945A-4E5C-8EAC-64F05954B433";
				"PROVISIONING_PROFILE[sdk=iphoneos*]" = "DD1AC562-945A-4E5C-8EAC-64F05954B433";
				SDKROOT = iphoneos;
				VALIDATE_PRODUCT = YES;
			};
			name = Release;
		};
		97DD0DBB16671FD50022378D /* Debug */ = {
			isa = XCBuildConfiguration;
			baseConfigurationReference = 8960141CC2814ECA9BFC8E10 /* Pods-OnCourse.xcconfig */;
			buildSettings = {
				BUNDLE_LOADER = "";
				CODE_SIGN_IDENTITY = "iPhone Developer: East Agile Dev (E5CV8LCBTY)";
				"CODE_SIGN_IDENTITY[sdk=iphoneos*]" = "iPhone Developer: East Agile Dev (E5CV8LCBTY)";
				GCC_PRECOMPILE_PREFIX_HEADER = YES;
				GCC_PREFIX_HEADER = "OnCourse/OnCourse-Prefix.pch";
				INFOPLIST_FILE = "OnCourse/OnCourse-Info.plist";
				IPHONEOS_DEPLOYMENT_TARGET = 6.0;
				PRODUCT_NAME = "$(TARGET_NAME)";
				PROVISIONING_PROFILE = "DD1AC562-945A-4E5C-8EAC-64F05954B433";
				"PROVISIONING_PROFILE[sdk=iphoneos*]" = "DD1AC562-945A-4E5C-8EAC-64F05954B433";
				WRAPPER_EXTENSION = app;
			};
			name = Debug;
		};
		97DD0DBC16671FD50022378D /* Release */ = {
			isa = XCBuildConfiguration;
			baseConfigurationReference = 8960141CC2814ECA9BFC8E10 /* Pods-OnCourse.xcconfig */;
			buildSettings = {
				BUNDLE_LOADER = "";
				CODE_SIGN_IDENTITY = "iPhone Developer: East Agile Dev (E5CV8LCBTY)";
				"CODE_SIGN_IDENTITY[sdk=iphoneos*]" = "iPhone Developer: East Agile Dev (E5CV8LCBTY)";
				GCC_PRECOMPILE_PREFIX_HEADER = YES;
				GCC_PREFIX_HEADER = "OnCourse/OnCourse-Prefix.pch";
				INFOPLIST_FILE = "OnCourse/OnCourse-Info.plist";
				IPHONEOS_DEPLOYMENT_TARGET = 6.0;
				PRODUCT_NAME = "$(TARGET_NAME)";
				PROVISIONING_PROFILE = "DD1AC562-945A-4E5C-8EAC-64F05954B433";
				"PROVISIONING_PROFILE[sdk=iphoneos*]" = "DD1AC562-945A-4E5C-8EAC-64F05954B433";
				WRAPPER_EXTENSION = app;
			};
			name = Release;
		};
		97DD0DEC1667683A0022378D /* Debug */ = {
			isa = XCBuildConfiguration;
			baseConfigurationReference = 5B455DBF1A864425BDCADB9F /* Pods-Kiwi.xcconfig */;
			buildSettings = {
				BUNDLE_LOADER = "$(BUILT_PRODUCTS_DIR)/OnCourse.app/OnCourse";
				FRAMEWORK_SEARCH_PATHS = (
					"\"$(SDKROOT)/Developer/Library/Frameworks\"",
					"\"$(DEVELOPER_LIBRARY_DIR)/Frameworks\"",
				);
				GCC_PRECOMPILE_PREFIX_HEADER = YES;
				GCC_PREFIX_HEADER = "Kiwi/Kiwi-Prefix.pch";
				INFOPLIST_FILE = "Kiwi/Kiwi-Info.plist";
				PRODUCT_NAME = "$(TARGET_NAME)";
				TEST_HOST = "$(BUNDLE_LOADER)";
				WRAPPER_EXTENSION = octest;
			};
			name = Debug;
		};
		97DD0DED1667683A0022378D /* Release */ = {
			isa = XCBuildConfiguration;
			baseConfigurationReference = 5B455DBF1A864425BDCADB9F /* Pods-Kiwi.xcconfig */;
			buildSettings = {
				BUNDLE_LOADER = "$(BUILT_PRODUCTS_DIR)/OnCourse.app/OnCourse";
				FRAMEWORK_SEARCH_PATHS = (
					"\"$(SDKROOT)/Developer/Library/Frameworks\"",
					"\"$(DEVELOPER_LIBRARY_DIR)/Frameworks\"",
				);
				GCC_PRECOMPILE_PREFIX_HEADER = YES;
				GCC_PREFIX_HEADER = "Kiwi/Kiwi-Prefix.pch";
				INFOPLIST_FILE = "Kiwi/Kiwi-Info.plist";
				PRODUCT_NAME = "$(TARGET_NAME)";
				TEST_HOST = "$(BUNDLE_LOADER)";
				WRAPPER_EXTENSION = octest;
			};
			name = Release;
		};
/* End XCBuildConfiguration section */

/* Begin XCConfigurationList section */
		97DD0D9016671FD50022378D /* Build configuration list for PBXProject "OnCourse" */ = {
			isa = XCConfigurationList;
			buildConfigurations = (
				97DD0DB816671FD50022378D /* Debug */,
				97DD0DB916671FD50022378D /* Release */,
			);
			defaultConfigurationIsVisible = 0;
			defaultConfigurationName = Release;
		};
		97DD0DBA16671FD50022378D /* Build configuration list for PBXNativeTarget "OnCourse" */ = {
			isa = XCConfigurationList;
			buildConfigurations = (
				97DD0DBB16671FD50022378D /* Debug */,
				97DD0DBC16671FD50022378D /* Release */,
			);
			defaultConfigurationIsVisible = 0;
			defaultConfigurationName = Release;
		};
		97DD0DEE1667683A0022378D /* Build configuration list for PBXNativeTarget "Kiwi" */ = {
			isa = XCConfigurationList;
			buildConfigurations = (
				97DD0DEC1667683A0022378D /* Debug */,
				97DD0DED1667683A0022378D /* Release */,
			);
			defaultConfigurationIsVisible = 0;
			defaultConfigurationName = Release;
		};
/* End XCConfigurationList section */

/* Begin XCVersionGroup section */
		977B7C8E169F137900D107DA /* OnCourse.xcdatamodeld */ = {
			isa = XCVersionGroup;
			children = (
				977B7C8F169F137900D107DA /* OnCourse.xcdatamodel */,
			);
			currentVersion = 977B7C8F169F137900D107DA /* OnCourse.xcdatamodel */;
			path = OnCourse.xcdatamodeld;
			sourceTree = "<group>";
			versionGroupType = wrapper.xcdatamodel;
		};
/* End XCVersionGroup section */
	};
	rootObject = 97DD0D8D16671FD50022378D /* Project object */;
}
