// !$*UTF8*$!
{
	archiveVersion = 1;
	classes = {
	};
	objectVersion = 46;
	objects = {

/* Begin PBXBuildFile section */
		1FB6C2275E3E47C3934B1469 /* libPods-OnCourse.a in Frameworks */ = {isa = PBXBuildFile; fileRef = 950E0993CFFE4A7899600FA1 /* libPods-OnCourse.a */; };
		975CCFAC1668D990008B5CB3 /* OCLoginViewTests.m in Sources */ = {isa = PBXBuildFile; fileRef = 975CCFAA1668D990008B5CB3 /* OCLoginViewTests.m */; };
		975CCFAF1668DA56008B5CB3 /* OCLoginView.m in Sources */ = {isa = PBXBuildFile; fileRef = 975CCFAE1668DA56008B5CB3 /* OCLoginView.m */; };
		975CCFB01668DA56008B5CB3 /* OCLoginView.m in Sources */ = {isa = PBXBuildFile; fileRef = 975CCFAE1668DA56008B5CB3 /* OCLoginView.m */; };
		97938EC31667CB5000D53965 /* OCCourseListingsViewController.m in Sources */ = {isa = PBXBuildFile; fileRef = 97938EC21667CB5000D53965 /* OCCourseListingsViewController.m */; };
		97938EC71667CF7D00D53965 /* OCCourseListingsViewControllerTests.m in Sources */ = {isa = PBXBuildFile; fileRef = 97938EC51667CF7D00D53965 /* OCCourseListingsViewControllerTests.m */; };
		97938ECA1667D15100D53965 /* OCLoginViewControllerTests.m in Sources */ = {isa = PBXBuildFile; fileRef = 97938EC81667D15100D53965 /* OCLoginViewControllerTests.m */; };
		97938ECD1667D1DC00D53965 /* OCLoginViewController.m in Sources */ = {isa = PBXBuildFile; fileRef = 97938ECC1667D1DC00D53965 /* OCLoginViewController.m */; };
		97938ECE1667D1DC00D53965 /* OCLoginViewController.m in Sources */ = {isa = PBXBuildFile; fileRef = 97938ECC1667D1DC00D53965 /* OCLoginViewController.m */; };
		97B3081E166A15F500089470 /* login_background-568h@2x.png in Resources */ = {isa = PBXBuildFile; fileRef = 97B3081B166A15F500089470 /* login_background-568h@2x.png */; };
		97B3081F166A15F500089470 /* login_background-568h@2x.png in Resources */ = {isa = PBXBuildFile; fileRef = 97B3081B166A15F500089470 /* login_background-568h@2x.png */; };
		97B30820166A15F500089470 /* login_background.png in Resources */ = {isa = PBXBuildFile; fileRef = 97B3081C166A15F500089470 /* login_background.png */; };
		97B30821166A15F500089470 /* login_background.png in Resources */ = {isa = PBXBuildFile; fileRef = 97B3081C166A15F500089470 /* login_background.png */; };
		97B30822166A15F500089470 /* login_background@2x.png in Resources */ = {isa = PBXBuildFile; fileRef = 97B3081D166A15F500089470 /* login_background@2x.png */; };
		97B30823166A15F500089470 /* login_background@2x.png in Resources */ = {isa = PBXBuildFile; fileRef = 97B3081D166A15F500089470 /* login_background@2x.png */; };
		97B3083B166A25EE00089470 /* LivoryBold.otf in Resources */ = {isa = PBXBuildFile; fileRef = 97B30837166A25EE00089470 /* LivoryBold.otf */; };
		97B3083C166A25EE00089470 /* LivoryBold.otf in Resources */ = {isa = PBXBuildFile; fileRef = 97B30837166A25EE00089470 /* LivoryBold.otf */; };
		97B3083D166A25EE00089470 /* LivoryBoldItalic.otf in Resources */ = {isa = PBXBuildFile; fileRef = 97B30838166A25EE00089470 /* LivoryBoldItalic.otf */; };
		97B3083E166A25EE00089470 /* LivoryBoldItalic.otf in Resources */ = {isa = PBXBuildFile; fileRef = 97B30838166A25EE00089470 /* LivoryBoldItalic.otf */; };
		97B3083F166A25EE00089470 /* LivoryItalic.otf in Resources */ = {isa = PBXBuildFile; fileRef = 97B30839166A25EE00089470 /* LivoryItalic.otf */; };
		97B30840166A25EE00089470 /* LivoryItalic.otf in Resources */ = {isa = PBXBuildFile; fileRef = 97B30839166A25EE00089470 /* LivoryItalic.otf */; };
		97B30841166A25EE00089470 /* LivoryRegular.otf in Resources */ = {isa = PBXBuildFile; fileRef = 97B3083A166A25EE00089470 /* LivoryRegular.otf */; };
		97B30842166A25EE00089470 /* LivoryRegular.otf in Resources */ = {isa = PBXBuildFile; fileRef = 97B3083A166A25EE00089470 /* LivoryRegular.otf */; };
		97B30847166A54C000089470 /* login_button.png in Resources */ = {isa = PBXBuildFile; fileRef = 97B30843166A54BF00089470 /* login_button.png */; };
		97B30848166A54C000089470 /* login_button.png in Resources */ = {isa = PBXBuildFile; fileRef = 97B30843166A54BF00089470 /* login_button.png */; };
		97B30849166A54C000089470 /* login_button@2x.png in Resources */ = {isa = PBXBuildFile; fileRef = 97B30844166A54C000089470 /* login_button@2x.png */; };
		97B3084A166A54C000089470 /* login_button@2x.png in Resources */ = {isa = PBXBuildFile; fileRef = 97B30844166A54C000089470 /* login_button@2x.png */; };
		97B3084B166A54C000089470 /* login_Down.png in Resources */ = {isa = PBXBuildFile; fileRef = 97B30845166A54C000089470 /* login_Down.png */; };
		97B3084C166A54C000089470 /* login_Down.png in Resources */ = {isa = PBXBuildFile; fileRef = 97B30845166A54C000089470 /* login_Down.png */; };
		97B3084D166A54C000089470 /* login_Down@2x.png in Resources */ = {isa = PBXBuildFile; fileRef = 97B30846166A54C000089470 /* login_Down@2x.png */; };
		97B3084E166A54C000089470 /* login_Down@2x.png in Resources */ = {isa = PBXBuildFile; fileRef = 97B30846166A54C000089470 /* login_Down@2x.png */; };
		97DD0D9B16671FD50022378D /* UIKit.framework in Frameworks */ = {isa = PBXBuildFile; fileRef = 97DD0D9A16671FD50022378D /* UIKit.framework */; };
		97DD0D9D16671FD50022378D /* Foundation.framework in Frameworks */ = {isa = PBXBuildFile; fileRef = 97DD0D9C16671FD50022378D /* Foundation.framework */; };
		97DD0D9F16671FD50022378D /* CoreGraphics.framework in Frameworks */ = {isa = PBXBuildFile; fileRef = 97DD0D9E16671FD50022378D /* CoreGraphics.framework */; };
		97DD0DA516671FD50022378D /* InfoPlist.strings in Resources */ = {isa = PBXBuildFile; fileRef = 97DD0DA316671FD50022378D /* InfoPlist.strings */; };
		97DD0DA716671FD50022378D /* main.m in Sources */ = {isa = PBXBuildFile; fileRef = 97DD0DA616671FD50022378D /* main.m */; };
		97DD0DAD16671FD50022378D /* Default.png in Resources */ = {isa = PBXBuildFile; fileRef = 97DD0DAC16671FD50022378D /* Default.png */; };
		97DD0DAF16671FD50022378D /* Default@2x.png in Resources */ = {isa = PBXBuildFile; fileRef = 97DD0DAE16671FD50022378D /* Default@2x.png */; };
		97DD0DB116671FD50022378D /* Default-568h@2x.png in Resources */ = {isa = PBXBuildFile; fileRef = 97DD0DB016671FD50022378D /* Default-568h@2x.png */; };
		97DD0DDF1667683A0022378D /* SenTestingKit.framework in Frameworks */ = {isa = PBXBuildFile; fileRef = 97DD0DDE1667683A0022378D /* SenTestingKit.framework */; };
		97DD0DE01667683A0022378D /* UIKit.framework in Frameworks */ = {isa = PBXBuildFile; fileRef = 97DD0D9A16671FD50022378D /* UIKit.framework */; };
		97DD0DE11667683A0022378D /* Foundation.framework in Frameworks */ = {isa = PBXBuildFile; fileRef = 97DD0D9C16671FD50022378D /* Foundation.framework */; };
		97DD0DE71667683A0022378D /* InfoPlist.strings in Resources */ = {isa = PBXBuildFile; fileRef = 97DD0DE51667683A0022378D /* InfoPlist.strings */; };
		97DD0E301667BD570022378D /* OCAppDelegate.m in Sources */ = {isa = PBXBuildFile; fileRef = 97DD0E281667BD570022378D /* OCAppDelegate.m */; };
		97DD0E311667BD570022378D /* OCAppDelegate.m in Sources */ = {isa = PBXBuildFile; fileRef = 97DD0E281667BD570022378D /* OCAppDelegate.m */; };
		97DD0E511667C1AE0022378D /* OCUtility.m in Sources */ = {isa = PBXBuildFile; fileRef = 97DD0E501667C1AE0022378D /* OCUtility.m */; };
		97DD0E521667C1AE0022378D /* OCUtility.m in Sources */ = {isa = PBXBuildFile; fileRef = 97DD0E501667C1AE0022378D /* OCUtility.m */; };
		97DD0E581667C7400022378D /* OCUtilityTests.m in Sources */ = {isa = PBXBuildFile; fileRef = 97DD0E561667C7400022378D /* OCUtilityTests.m */; };
		C1A16833ADC94012AF345B23 /* libPods-Kiwi.a in Frameworks */ = {isa = PBXBuildFile; fileRef = E66655067F9F4839ACF8D395 /* libPods-Kiwi.a */; };
/* End PBXBuildFile section */

/* Begin PBXFileReference section */
		5B455DBF1A864425BDCADB9F /* Pods-Kiwi.xcconfig */ = {isa = PBXFileReference; includeInIndex = 1; lastKnownFileType = text.xcconfig; name = "Pods-Kiwi.xcconfig"; path = "Pods/Pods-Kiwi.xcconfig"; sourceTree = SOURCE_ROOT; };
		8960141CC2814ECA9BFC8E10 /* Pods-OnCourse.xcconfig */ = {isa = PBXFileReference; includeInIndex = 1; lastKnownFileType = text.xcconfig; name = "Pods-OnCourse.xcconfig"; path = "Pods/Pods-OnCourse.xcconfig"; sourceTree = SOURCE_ROOT; };
		950E0993CFFE4A7899600FA1 /* libPods-OnCourse.a */ = {isa = PBXFileReference; explicitFileType = archive.ar; includeInIndex = 0; path = "libPods-OnCourse.a"; sourceTree = BUILT_PRODUCTS_DIR; };
		975CCFAA1668D990008B5CB3 /* OCLoginViewTests.m */ = {isa = PBXFileReference; fileEncoding = 4; lastKnownFileType = sourcecode.c.objc; path = OCLoginViewTests.m; sourceTree = "<group>"; };
		975CCFAD1668DA56008B5CB3 /* OCLoginView.h */ = {isa = PBXFileReference; fileEncoding = 4; lastKnownFileType = sourcecode.c.h; path = OCLoginView.h; sourceTree = "<group>"; };
		975CCFAE1668DA56008B5CB3 /* OCLoginView.m */ = {isa = PBXFileReference; fileEncoding = 4; lastKnownFileType = sourcecode.c.objc; path = OCLoginView.m; sourceTree = "<group>"; };
		97938EC11667CB5000D53965 /* OCCourseListingsViewController.h */ = {isa = PBXFileReference; fileEncoding = 4; lastKnownFileType = sourcecode.c.h; path = OCCourseListingsViewController.h; sourceTree = "<group>"; };
		97938EC21667CB5000D53965 /* OCCourseListingsViewController.m */ = {isa = PBXFileReference; fileEncoding = 4; lastKnownFileType = sourcecode.c.objc; path = OCCourseListingsViewController.m; sourceTree = "<group>"; };
		97938EC51667CF7D00D53965 /* OCCourseListingsViewControllerTests.m */ = {isa = PBXFileReference; fileEncoding = 4; lastKnownFileType = sourcecode.c.objc; path = OCCourseListingsViewControllerTests.m; sourceTree = "<group>"; };
		97938EC81667D15100D53965 /* OCLoginViewControllerTests.m */ = {isa = PBXFileReference; fileEncoding = 4; lastKnownFileType = sourcecode.c.objc; path = OCLoginViewControllerTests.m; sourceTree = "<group>"; };
		97938ECB1667D1DC00D53965 /* OCLoginViewController.h */ = {isa = PBXFileReference; fileEncoding = 4; lastKnownFileType = sourcecode.c.h; path = OCLoginViewController.h; sourceTree = "<group>"; };
		97938ECC1667D1DC00D53965 /* OCLoginViewController.m */ = {isa = PBXFileReference; fileEncoding = 4; lastKnownFileType = sourcecode.c.objc; path = OCLoginViewController.m; sourceTree = "<group>"; };
		97B3081B166A15F500089470 /* login_background-568h@2x.png */ = {isa = PBXFileReference; lastKnownFileType = image.png; path = "login_background-568h@2x.png"; sourceTree = "<group>"; };
		97B3081C166A15F500089470 /* login_background.png */ = {isa = PBXFileReference; lastKnownFileType = image.png; path = login_background.png; sourceTree = "<group>"; };
		97B3081D166A15F500089470 /* login_background@2x.png */ = {isa = PBXFileReference; lastKnownFileType = image.png; path = "login_background@2x.png"; sourceTree = "<group>"; };
		97B30837166A25EE00089470 /* LivoryBold.otf */ = {isa = PBXFileReference; lastKnownFileType = file; path = LivoryBold.otf; sourceTree = "<group>"; };
		97B30838166A25EE00089470 /* LivoryBoldItalic.otf */ = {isa = PBXFileReference; lastKnownFileType = file; path = LivoryBoldItalic.otf; sourceTree = "<group>"; };
		97B30839166A25EE00089470 /* LivoryItalic.otf */ = {isa = PBXFileReference; lastKnownFileType = file; path = LivoryItalic.otf; sourceTree = "<group>"; };
		97B3083A166A25EE00089470 /* LivoryRegular.otf */ = {isa = PBXFileReference; lastKnownFileType = file; path = LivoryRegular.otf; sourceTree = "<group>"; };
		97B30843166A54BF00089470 /* login_button.png */ = {isa = PBXFileReference; lastKnownFileType = image.png; path = login_button.png; sourceTree = "<group>"; };
		97B30844166A54C000089470 /* login_button@2x.png */ = {isa = PBXFileReference; lastKnownFileType = image.png; path = "login_button@2x.png"; sourceTree = "<group>"; };
		97B30845166A54C000089470 /* login_Down.png */ = {isa = PBXFileReference; lastKnownFileType = image.png; path = login_Down.png; sourceTree = "<group>"; };
		97B30846166A54C000089470 /* login_Down@2x.png */ = {isa = PBXFileReference; lastKnownFileType = image.png; path = "login_Down@2x.png"; sourceTree = "<group>"; };
		97DD0D9616671FD50022378D /* OnCourse.app */ = {isa = PBXFileReference; explicitFileType = wrapper.application; includeInIndex = 0; path = OnCourse.app; sourceTree = BUILT_PRODUCTS_DIR; };
		97DD0D9A16671FD50022378D /* UIKit.framework */ = {isa = PBXFileReference; includeInIndex = 1; lastKnownFileType = wrapper.framework; name = UIKit.framework; path = System/Library/Frameworks/UIKit.framework; sourceTree = SDKROOT; };
		97DD0D9C16671FD50022378D /* Foundation.framework */ = {isa = PBXFileReference; includeInIndex = 1; lastKnownFileType = wrapper.framework; name = Foundation.framework; path = System/Library/Frameworks/Foundation.framework; sourceTree = SDKROOT; };
		97DD0D9E16671FD50022378D /* CoreGraphics.framework */ = {isa = PBXFileReference; includeInIndex = 1; lastKnownFileType = wrapper.framework; name = CoreGraphics.framework; path = System/Library/Frameworks/CoreGraphics.framework; sourceTree = SDKROOT; };
		97DD0DA216671FD50022378D /* OnCourse-Info.plist */ = {isa = PBXFileReference; lastKnownFileType = text.plist.xml; path = "OnCourse-Info.plist"; sourceTree = "<group>"; };
		97DD0DA416671FD50022378D /* en */ = {isa = PBXFileReference; lastKnownFileType = text.plist.strings; name = en; path = en.lproj/InfoPlist.strings; sourceTree = "<group>"; };
		97DD0DA616671FD50022378D /* main.m */ = {isa = PBXFileReference; lastKnownFileType = sourcecode.c.objc; path = main.m; sourceTree = "<group>"; };
		97DD0DA816671FD50022378D /* OnCourse-Prefix.pch */ = {isa = PBXFileReference; lastKnownFileType = sourcecode.c.h; path = "OnCourse-Prefix.pch"; sourceTree = "<group>"; };
		97DD0DAC16671FD50022378D /* Default.png */ = {isa = PBXFileReference; lastKnownFileType = image.png; path = Default.png; sourceTree = "<group>"; };
		97DD0DAE16671FD50022378D /* Default@2x.png */ = {isa = PBXFileReference; lastKnownFileType = image.png; path = "Default@2x.png"; sourceTree = "<group>"; };
		97DD0DB016671FD50022378D /* Default-568h@2x.png */ = {isa = PBXFileReference; lastKnownFileType = image.png; path = "Default-568h@2x.png"; sourceTree = "<group>"; };
		97DD0DDD1667683A0022378D /* Kiwi.octest */ = {isa = PBXFileReference; explicitFileType = wrapper.cfbundle; includeInIndex = 0; path = Kiwi.octest; sourceTree = BUILT_PRODUCTS_DIR; };
		97DD0DDE1667683A0022378D /* SenTestingKit.framework */ = {isa = PBXFileReference; includeInIndex = 1; lastKnownFileType = wrapper.framework; name = SenTestingKit.framework; path = Library/Frameworks/SenTestingKit.framework; sourceTree = DEVELOPER_DIR; };
		97DD0DE41667683A0022378D /* Kiwi-Info.plist */ = {isa = PBXFileReference; lastKnownFileType = text.plist.xml; path = "Kiwi-Info.plist"; sourceTree = "<group>"; };
		97DD0DE61667683A0022378D /* en */ = {isa = PBXFileReference; lastKnownFileType = text.plist.strings; name = en; path = en.lproj/InfoPlist.strings; sourceTree = "<group>"; };
		97DD0DEB1667683A0022378D /* Kiwi-Prefix.pch */ = {isa = PBXFileReference; lastKnownFileType = sourcecode.c.h; path = "Kiwi-Prefix.pch"; sourceTree = "<group>"; };
		97DD0E271667BD570022378D /* OCAppDelegate.h */ = {isa = PBXFileReference; fileEncoding = 4; lastKnownFileType = sourcecode.c.h; path = OCAppDelegate.h; sourceTree = "<group>"; };
		97DD0E281667BD570022378D /* OCAppDelegate.m */ = {isa = PBXFileReference; fileEncoding = 4; lastKnownFileType = sourcecode.c.objc; path = OCAppDelegate.m; sourceTree = "<group>"; };
		97DD0E4F1667C1AE0022378D /* OCUtility.h */ = {isa = PBXFileReference; fileEncoding = 4; lastKnownFileType = sourcecode.c.h; path = OCUtility.h; sourceTree = "<group>"; };
		97DD0E501667C1AE0022378D /* OCUtility.m */ = {isa = PBXFileReference; fileEncoding = 4; lastKnownFileType = sourcecode.c.objc; path = OCUtility.m; sourceTree = "<group>"; };
		97DD0E561667C7400022378D /* OCUtilityTests.m */ = {isa = PBXFileReference; fileEncoding = 4; lastKnownFileType = sourcecode.c.objc; path = OCUtilityTests.m; sourceTree = "<group>"; };
		E66655067F9F4839ACF8D395 /* libPods-Kiwi.a */ = {isa = PBXFileReference; explicitFileType = archive.ar; includeInIndex = 0; path = "libPods-Kiwi.a"; sourceTree = BUILT_PRODUCTS_DIR; };
/* End PBXFileReference section */

/* Begin PBXFrameworksBuildPhase section */
		97DD0D9316671FD50022378D /* Frameworks */ = {
			isa = PBXFrameworksBuildPhase;
			buildActionMask = 2147483647;
			files = (
				97DD0D9B16671FD50022378D /* UIKit.framework in Frameworks */,
				97DD0D9D16671FD50022378D /* Foundation.framework in Frameworks */,
				97DD0D9F16671FD50022378D /* CoreGraphics.framework in Frameworks */,
				1FB6C2275E3E47C3934B1469 /* libPods-OnCourse.a in Frameworks */,
			);
			runOnlyForDeploymentPostprocessing = 0;
		};
		97DD0DD91667683A0022378D /* Frameworks */ = {
			isa = PBXFrameworksBuildPhase;
			buildActionMask = 2147483647;
			files = (
				97DD0DDF1667683A0022378D /* SenTestingKit.framework in Frameworks */,
				97DD0DE01667683A0022378D /* UIKit.framework in Frameworks */,
				97DD0DE11667683A0022378D /* Foundation.framework in Frameworks */,
				C1A16833ADC94012AF345B23 /* libPods-Kiwi.a in Frameworks */,
			);
			runOnlyForDeploymentPostprocessing = 0;
		};
/* End PBXFrameworksBuildPhase section */

/* Begin PBXGroup section */
		97938EE81667E2E000D53965 /* Views */ = {
			isa = PBXGroup;
			children = (
				975CCFAD1668DA56008B5CB3 /* OCLoginView.h */,
				975CCFAE1668DA56008B5CB3 /* OCLoginView.m */,
			);
			path = Views;
			sourceTree = "<group>";
		};
		97B30801166A0E9300089470 /* images */ = {
			isa = PBXGroup;
			children = (
				97B30843166A54BF00089470 /* login_button.png */,
				97B30844166A54C000089470 /* login_button@2x.png */,
				97B30845166A54C000089470 /* login_Down.png */,
				97B30846166A54C000089470 /* login_Down@2x.png */,
				97B3081B166A15F500089470 /* login_background-568h@2x.png */,
				97B3081C166A15F500089470 /* login_background.png */,
				97B3081D166A15F500089470 /* login_background@2x.png */,
			);
			path = images;
			sourceTree = "<group>";
		};
		97B30836166A25EE00089470 /* fonts */ = {
			isa = PBXGroup;
			children = (
				97B30837166A25EE00089470 /* LivoryBold.otf */,
				97B30838166A25EE00089470 /* LivoryBoldItalic.otf */,
				97B30839166A25EE00089470 /* LivoryItalic.otf */,
				97B3083A166A25EE00089470 /* LivoryRegular.otf */,
			);
			path = fonts;
			sourceTree = "<group>";
		};
		97DD0D8B16671FD50022378D = {
			isa = PBXGroup;
			children = (
				97DD0DA016671FD50022378D /* OnCourse */,
				97DD0DE21667683A0022378D /* Kiwi */,
				97DD0D9916671FD50022378D /* Frameworks */,
				97DD0D9716671FD50022378D /* Products */,
				8960141CC2814ECA9BFC8E10 /* Pods-OnCourse.xcconfig */,
				5B455DBF1A864425BDCADB9F /* Pods-Kiwi.xcconfig */,
			);
			sourceTree = "<group>";
		};
		97DD0D9716671FD50022378D /* Products */ = {
			isa = PBXGroup;
			children = (
				97DD0D9616671FD50022378D /* OnCourse.app */,
				97DD0DDD1667683A0022378D /* Kiwi.octest */,
			);
			name = Products;
			sourceTree = "<group>";
		};
		97DD0D9916671FD50022378D /* Frameworks */ = {
			isa = PBXGroup;
			children = (
				97DD0D9A16671FD50022378D /* UIKit.framework */,
				97DD0D9C16671FD50022378D /* Foundation.framework */,
				97DD0D9E16671FD50022378D /* CoreGraphics.framework */,
				97DD0DDE1667683A0022378D /* SenTestingKit.framework */,
				950E0993CFFE4A7899600FA1 /* libPods-OnCourse.a */,
				E66655067F9F4839ACF8D395 /* libPods-Kiwi.a */,
			);
			name = Frameworks;
			sourceTree = "<group>";
		};
		97DD0DA016671FD50022378D /* OnCourse */ = {
			isa = PBXGroup;
			children = (
				97DD0E251667BD570022378D /* Classes */,
				97DD0E2E1667BD570022378D /* Resources */,
				97DD0DA116671FD50022378D /* Supporting Files */,
			);
			path = OnCourse;
			sourceTree = "<group>";
		};
		97DD0DA116671FD50022378D /* Supporting Files */ = {
			isa = PBXGroup;
			children = (
				97DD0DA216671FD50022378D /* OnCourse-Info.plist */,
				97DD0DA316671FD50022378D /* InfoPlist.strings */,
				97DD0DA616671FD50022378D /* main.m */,
				97DD0DA816671FD50022378D /* OnCourse-Prefix.pch */,
				97DD0DAC16671FD50022378D /* Default.png */,
				97DD0DAE16671FD50022378D /* Default@2x.png */,
				97DD0DB016671FD50022378D /* Default-568h@2x.png */,
			);
			name = "Supporting Files";
			sourceTree = "<group>";
		};
		97DD0DE21667683A0022378D /* Kiwi */ = {
			isa = PBXGroup;
			children = (
				97DD0DE31667683A0022378D /* Supporting Files */,
				97DD0E561667C7400022378D /* OCUtilityTests.m */,
				97938EC51667CF7D00D53965 /* OCCourseListingsViewControllerTests.m */,
				97938EC81667D15100D53965 /* OCLoginViewControllerTests.m */,
				975CCFAA1668D990008B5CB3 /* OCLoginViewTests.m */,
			);
			path = Kiwi;
			sourceTree = "<group>";
		};
		97DD0DE31667683A0022378D /* Supporting Files */ = {
			isa = PBXGroup;
			children = (
				97DD0DE41667683A0022378D /* Kiwi-Info.plist */,
				97DD0DE51667683A0022378D /* InfoPlist.strings */,
				97DD0DEB1667683A0022378D /* Kiwi-Prefix.pch */,
			);
			name = "Supporting Files";
			sourceTree = "<group>";
		};
		97DD0E251667BD570022378D /* Classes */ = {
			isa = PBXGroup;
			children = (
				97938EE81667E2E000D53965 /* Views */,
				97DD0E261667BD570022378D /* AppDelegate */,
				97DD0E291667BD570022378D /* Controllers */,
				97DD0E2C1667BD570022378D /* Helpers */,
				97DD0E2D1667BD570022378D /* Models */,
			);
			path = Classes;
			sourceTree = "<group>";
		};
		97DD0E261667BD570022378D /* AppDelegate */ = {
			isa = PBXGroup;
			children = (
				97DD0E271667BD570022378D /* OCAppDelegate.h */,
				97DD0E281667BD570022378D /* OCAppDelegate.m */,
			);
			path = AppDelegate;
			sourceTree = "<group>";
		};
		97DD0E291667BD570022378D /* Controllers */ = {
			isa = PBXGroup;
			children = (
				97938EC11667CB5000D53965 /* OCCourseListingsViewController.h */,
				97938EC21667CB5000D53965 /* OCCourseListingsViewController.m */,
				97938ECB1667D1DC00D53965 /* OCLoginViewController.h */,
				97938ECC1667D1DC00D53965 /* OCLoginViewController.m */,
			);
			path = Controllers;
			sourceTree = "<group>";
		};
		97DD0E2C1667BD570022378D /* Helpers */ = {
			isa = PBXGroup;
			children = (
				97DD0E4F1667C1AE0022378D /* OCUtility.h */,
				97DD0E501667C1AE0022378D /* OCUtility.m */,
			);
			path = Helpers;
			sourceTree = "<group>";
		};
		97DD0E2D1667BD570022378D /* Models */ = {
			isa = PBXGroup;
			children = (
			);
			path = Models;
			sourceTree = "<group>";
		};
		97DD0E2E1667BD570022378D /* Resources */ = {
			isa = PBXGroup;
			children = (
				97B30836166A25EE00089470 /* fonts */,
				97B30801166A0E9300089470 /* images */,
			);
			path = Resources;
			sourceTree = "<group>";
		};
/* End PBXGroup section */

/* Begin PBXNativeTarget section */
		97DD0D9516671FD50022378D /* OnCourse */ = {
			isa = PBXNativeTarget;
			buildConfigurationList = 97DD0DBA16671FD50022378D /* Build configuration list for PBXNativeTarget "OnCourse" */;
			buildPhases = (
				97DD0D9216671FD50022378D /* Sources */,
				97DD0D9316671FD50022378D /* Frameworks */,
				97DD0D9416671FD50022378D /* Resources */,
				1940957697B54C23A979E03A /* Copy Pods Resources */,
			);
			buildRules = (
			);
			dependencies = (
			);
			name = OnCourse;
			productName = OnCourse;
			productReference = 97DD0D9616671FD50022378D /* OnCourse.app */;
			productType = "com.apple.product-type.application";
		};
		97DD0DDC1667683A0022378D /* Kiwi */ = {
			isa = PBXNativeTarget;
			buildConfigurationList = 97DD0DEE1667683A0022378D /* Build configuration list for PBXNativeTarget "Kiwi" */;
			buildPhases = (
				97DD0DD81667683A0022378D /* Sources */,
				97DD0DD91667683A0022378D /* Frameworks */,
				97DD0DDA1667683A0022378D /* Resources */,
				97DD0DDB1667683A0022378D /* ShellScript */,
				6CED89B2FB8A44958B099F7F /* Copy Pods Resources */,
			);
			buildRules = (
			);
			dependencies = (
			);
			name = Kiwi;
			productName = Kiwi;
			productReference = 97DD0DDD1667683A0022378D /* Kiwi.octest */;
			productType = "com.apple.product-type.bundle";
		};
/* End PBXNativeTarget section */

/* Begin PBXProject section */
		97DD0D8D16671FD50022378D /* Project object */ = {
			isa = PBXProject;
			attributes = {
				CLASSPREFIX = OC;
				LastUpgradeCheck = 0450;
				ORGANIZATIONNAME = phatle;
			};
			buildConfigurationList = 97DD0D9016671FD50022378D /* Build configuration list for PBXProject "OnCourse" */;
			compatibilityVersion = "Xcode 3.2";
			developmentRegion = English;
			hasScannedForEncodings = 0;
			knownRegions = (
				en,
			);
			mainGroup = 97DD0D8B16671FD50022378D;
			productRefGroup = 97DD0D9716671FD50022378D /* Products */;
			projectDirPath = "";
			projectRoot = "";
			targets = (
				97DD0D9516671FD50022378D /* OnCourse */,
				97DD0DDC1667683A0022378D /* Kiwi */,
			);
		};
/* End PBXProject section */

/* Begin PBXResourcesBuildPhase section */
		97DD0D9416671FD50022378D /* Resources */ = {
			isa = PBXResourcesBuildPhase;
			buildActionMask = 2147483647;
			files = (
				97DD0DA516671FD50022378D /* InfoPlist.strings in Resources */,
				97DD0DAD16671FD50022378D /* Default.png in Resources */,
				97DD0DAF16671FD50022378D /* Default@2x.png in Resources */,
				97DD0DB116671FD50022378D /* Default-568h@2x.png in Resources */,
				97B3081E166A15F500089470 /* login_background-568h@2x.png in Resources */,
				97B30820166A15F500089470 /* login_background.png in Resources */,
				97B30822166A15F500089470 /* login_background@2x.png in Resources */,
				97B3083B166A25EE00089470 /* LivoryBold.otf in Resources */,
				97B3083D166A25EE00089470 /* LivoryBoldItalic.otf in Resources */,
				97B3083F166A25EE00089470 /* LivoryItalic.otf in Resources */,
				97B30841166A25EE00089470 /* LivoryRegular.otf in Resources */,
				97B30847166A54C000089470 /* login_button.png in Resources */,
				97B30849166A54C000089470 /* login_button@2x.png in Resources */,
				97B3084B166A54C000089470 /* login_Down.png in Resources */,
				97B3084D166A54C000089470 /* login_Down@2x.png in Resources */,
			);
			runOnlyForDeploymentPostprocessing = 0;
		};
		97DD0DDA1667683A0022378D /* Resources */ = {
			isa = PBXResourcesBuildPhase;
			buildActionMask = 2147483647;
			files = (
				97DD0DE71667683A0022378D /* InfoPlist.strings in Resources */,
				97B3081F166A15F500089470 /* login_background-568h@2x.png in Resources */,
				97B30821166A15F500089470 /* login_background.png in Resources */,
				97B30823166A15F500089470 /* login_background@2x.png in Resources */,
				97B3083C166A25EE00089470 /* LivoryBold.otf in Resources */,
				97B3083E166A25EE00089470 /* LivoryBoldItalic.otf in Resources */,
				97B30840166A25EE00089470 /* LivoryItalic.otf in Resources */,
				97B30842166A25EE00089470 /* LivoryRegular.otf in Resources */,
				97B30848166A54C000089470 /* login_button.png in Resources */,
				97B3084A166A54C000089470 /* login_button@2x.png in Resources */,
				97B3084C166A54C000089470 /* login_Down.png in Resources */,
				97B3084E166A54C000089470 /* login_Down@2x.png in Resources */,
			);
			runOnlyForDeploymentPostprocessing = 0;
		};
/* End PBXResourcesBuildPhase section */

/* Begin PBXShellScriptBuildPhase section */
		1940957697B54C23A979E03A /* Copy Pods Resources */ = {
			isa = PBXShellScriptBuildPhase;
			buildActionMask = 2147483647;
			files = (
			);
			inputPaths = (
			);
			name = "Copy Pods Resources";
			outputPaths = (
			);
			runOnlyForDeploymentPostprocessing = 0;
			shellPath = /bin/sh;
			shellScript = "\"${SRCROOT}/Pods/Pods-OnCourse-resources.sh\"\n";
		};
		6CED89B2FB8A44958B099F7F /* Copy Pods Resources */ = {
			isa = PBXShellScriptBuildPhase;
			buildActionMask = 2147483647;
			files = (
			);
			inputPaths = (
			);
			name = "Copy Pods Resources";
			outputPaths = (
			);
			runOnlyForDeploymentPostprocessing = 0;
			shellPath = /bin/sh;
			shellScript = "\"${SRCROOT}/Pods/Pods-Kiwi-resources.sh\"\n";
		};
		97DD0DDB1667683A0022378D /* ShellScript */ = {
			isa = PBXShellScriptBuildPhase;
			buildActionMask = 2147483647;
			files = (
			);
			inputPaths = (
			);
			outputPaths = (
			);
			runOnlyForDeploymentPostprocessing = 0;
			shellPath = /bin/sh;
			shellScript = "# Run the unit tests in this test bundle.\n\"${SYSTEM_DEVELOPER_DIR}/Tools/RunUnitTests\"\n";
		};
/* End PBXShellScriptBuildPhase section */

/* Begin PBXSourcesBuildPhase section */
		97DD0D9216671FD50022378D /* Sources */ = {
			isa = PBXSourcesBuildPhase;
			buildActionMask = 2147483647;
			files = (
				97DD0DA716671FD50022378D /* main.m in Sources */,
				97DD0E301667BD570022378D /* OCAppDelegate.m in Sources */,
				97DD0E511667C1AE0022378D /* OCUtility.m in Sources */,
				97938EC31667CB5000D53965 /* OCCourseListingsViewController.m in Sources */,
				97938ECD1667D1DC00D53965 /* OCLoginViewController.m in Sources */,
				975CCFAF1668DA56008B5CB3 /* OCLoginView.m in Sources */,
			);
			runOnlyForDeploymentPostprocessing = 0;
		};
		97DD0DD81667683A0022378D /* Sources */ = {
			isa = PBXSourcesBuildPhase;
			buildActionMask = 2147483647;
			files = (
				97DD0E311667BD570022378D /* OCAppDelegate.m in Sources */,
				97DD0E521667C1AE0022378D /* OCUtility.m in Sources */,
				97DD0E581667C7400022378D /* OCUtilityTests.m in Sources */,
				97938EC71667CF7D00D53965 /* OCCourseListingsViewControllerTests.m in Sources */,
				97938ECA1667D15100D53965 /* OCLoginViewControllerTests.m in Sources */,
				97938ECE1667D1DC00D53965 /* OCLoginViewController.m in Sources */,
				975CCFAC1668D990008B5CB3 /* OCLoginViewTests.m in Sources */,
				975CCFB01668DA56008B5CB3 /* OCLoginView.m in Sources */,
			);
			runOnlyForDeploymentPostprocessing = 0;
		};
/* End PBXSourcesBuildPhase section */

/* Begin PBXVariantGroup section */
		97DD0DA316671FD50022378D /* InfoPlist.strings */ = {
			isa = PBXVariantGroup;
			children = (
				97DD0DA416671FD50022378D /* en */,
			);
			name = InfoPlist.strings;
			sourceTree = "<group>";
		};
		97DD0DE51667683A0022378D /* InfoPlist.strings */ = {
			isa = PBXVariantGroup;
			children = (
				97DD0DE61667683A0022378D /* en */,
			);
			name = InfoPlist.strings;
			sourceTree = "<group>";
		};
/* End PBXVariantGroup section */

/* Begin XCBuildConfiguration section */
		97DD0DB816671FD50022378D /* Debug */ = {
			isa = XCBuildConfiguration;
			buildSettings = {
				ALWAYS_SEARCH_USER_PATHS = NO;
				CLANG_CXX_LANGUAGE_STANDARD = "gnu++0x";
				CLANG_CXX_LIBRARY = "libc++";
				CLANG_ENABLE_OBJC_ARC = YES;
				CLANG_WARN_EMPTY_BODY = YES;
				CLANG_WARN__DUPLICATE_METHOD_MATCH = YES;
				"CODE_SIGN_IDENTITY[sdk=iphoneos*]" = "iPhone Developer";
				COPY_PHASE_STRIP = NO;
				GCC_C_LANGUAGE_STANDARD = gnu99;
				GCC_DYNAMIC_NO_PIC = NO;
				GCC_OPTIMIZATION_LEVEL = 0;
				GCC_PREPROCESSOR_DEFINITIONS = (
					"DEBUG=1",
					"$(inherited)",
				);
				GCC_SYMBOLS_PRIVATE_EXTERN = NO;
				GCC_WARN_ABOUT_RETURN_TYPE = YES;
				GCC_WARN_UNINITIALIZED_AUTOS = YES;
				GCC_WARN_UNUSED_VARIABLE = YES;
				IPHONEOS_DEPLOYMENT_TARGET = 6.0;
				ONLY_ACTIVE_ARCH = YES;
				SDKROOT = iphoneos;
			};
			name = Debug;
		};
		97DD0DB916671FD50022378D /* Release */ = {
			isa = XCBuildConfiguration;
			buildSettings = {
				ALWAYS_SEARCH_USER_PATHS = NO;
				CLANG_CXX_LANGUAGE_STANDARD = "gnu++0x";
				CLANG_CXX_LIBRARY = "libc++";
				CLANG_ENABLE_OBJC_ARC = YES;
				CLANG_WARN_EMPTY_BODY = YES;
				CLANG_WARN__DUPLICATE_METHOD_MATCH = YES;
				"CODE_SIGN_IDENTITY[sdk=iphoneos*]" = "iPhone Developer";
				COPY_PHASE_STRIP = YES;
				GCC_C_LANGUAGE_STANDARD = gnu99;
				GCC_WARN_ABOUT_RETURN_TYPE = YES;
				GCC_WARN_UNINITIALIZED_AUTOS = YES;
				GCC_WARN_UNUSED_VARIABLE = YES;
				IPHONEOS_DEPLOYMENT_TARGET = 6.0;
				OTHER_CFLAGS = "-DNS_BLOCK_ASSERTIONS=1";
				SDKROOT = iphoneos;
				VALIDATE_PRODUCT = YES;
			};
			name = Release;
		};
		97DD0DBB16671FD50022378D /* Debug */ = {
			isa = XCBuildConfiguration;
			baseConfigurationReference = 8960141CC2814ECA9BFC8E10 /* Pods-OnCourse.xcconfig */;
			buildSettings = {
				BUNDLE_LOADER = "";
				GCC_PRECOMPILE_PREFIX_HEADER = YES;
				GCC_PREFIX_HEADER = "OnCourse/OnCourse-Prefix.pch";
				INFOPLIST_FILE = "OnCourse/OnCourse-Info.plist";
				PRODUCT_NAME = "$(TARGET_NAME)";
				WRAPPER_EXTENSION = app;
			};
			name = Debug;
		};
		97DD0DBC16671FD50022378D /* Release */ = {
			isa = XCBuildConfiguration;
			baseConfigurationReference = 8960141CC2814ECA9BFC8E10 /* Pods-OnCourse.xcconfig */;
			buildSettings = {
				BUNDLE_LOADER = "";
				GCC_PRECOMPILE_PREFIX_HEADER = YES;
				GCC_PREFIX_HEADER = "OnCourse/OnCourse-Prefix.pch";
				INFOPLIST_FILE = "OnCourse/OnCourse-Info.plist";
				PRODUCT_NAME = "$(TARGET_NAME)";
				WRAPPER_EXTENSION = app;
			};
			name = Release;
		};
		97DD0DEC1667683A0022378D /* Debug */ = {
			isa = XCBuildConfiguration;
			baseConfigurationReference = 5B455DBF1A864425BDCADB9F /* Pods-Kiwi.xcconfig */;
			buildSettings = {
				BUNDLE_LOADER = "$(BUILT_PRODUCTS_DIR)/OnCourse.app/OnCourse";
				FRAMEWORK_SEARCH_PATHS = (
					"\"$(SDKROOT)/Developer/Library/Frameworks\"",
					"\"$(DEVELOPER_LIBRARY_DIR)/Frameworks\"",
				);
				GCC_PRECOMPILE_PREFIX_HEADER = YES;
				GCC_PREFIX_HEADER = "Kiwi/Kiwi-Prefix.pch";
				INFOPLIST_FILE = "Kiwi/Kiwi-Info.plist";
				PRODUCT_NAME = "$(TARGET_NAME)";
				TEST_HOST = "$(BUNDLE_LOADER)";
				WRAPPER_EXTENSION = octest;
			};
			name = Debug;
		};
		97DD0DED1667683A0022378D /* Release */ = {
			isa = XCBuildConfiguration;
			baseConfigurationReference = 5B455DBF1A864425BDCADB9F /* Pods-Kiwi.xcconfig */;
			buildSettings = {
				BUNDLE_LOADER = "$(BUILT_PRODUCTS_DIR)/OnCourse.app/OnCourse";
				FRAMEWORK_SEARCH_PATHS = (
					"\"$(SDKROOT)/Developer/Library/Frameworks\"",
					"\"$(DEVELOPER_LIBRARY_DIR)/Frameworks\"",
				);
				GCC_PRECOMPILE_PREFIX_HEADER = YES;
				GCC_PREFIX_HEADER = "Kiwi/Kiwi-Prefix.pch";
				INFOPLIST_FILE = "Kiwi/Kiwi-Info.plist";
				PRODUCT_NAME = "$(TARGET_NAME)";
				TEST_HOST = "$(BUNDLE_LOADER)";
				WRAPPER_EXTENSION = octest;
			};
			name = Release;
		};
/* End XCBuildConfiguration section */

/* Begin XCConfigurationList section */
		97DD0D9016671FD50022378D /* Build configuration list for PBXProject "OnCourse" */ = {
			isa = XCConfigurationList;
			buildConfigurations = (
				97DD0DB816671FD50022378D /* Debug */,
				97DD0DB916671FD50022378D /* Release */,
			);
			defaultConfigurationIsVisible = 0;
			defaultConfigurationName = Release;
		};
		97DD0DBA16671FD50022378D /* Build configuration list for PBXNativeTarget "OnCourse" */ = {
			isa = XCConfigurationList;
			buildConfigurations = (
				97DD0DBB16671FD50022378D /* Debug */,
				97DD0DBC16671FD50022378D /* Release */,
			);
			defaultConfigurationIsVisible = 0;
			defaultConfigurationName = Release;
		};
		97DD0DEE1667683A0022378D /* Build configuration list for PBXNativeTarget "Kiwi" */ = {
			isa = XCConfigurationList;
			buildConfigurations = (
				97DD0DEC1667683A0022378D /* Debug */,
				97DD0DED1667683A0022378D /* Release */,
			);
			defaultConfigurationIsVisible = 0;
			defaultConfigurationName = Release;
		};
/* End XCConfigurationList section */
	};
	rootObject = 97DD0D8D16671FD50022378D /* Project object */;
}
